// !$*UTF8*$!
{
	archiveVersion = 1;
	classes = {
	};
	objectVersion = 46;
	objects = {

/* Begin PBXBuildFile section */
		301EC7CE1E4AEA2D004EA25E /* AppDelegate.swift in Sources */ = {isa = PBXBuildFile; fileRef = 301EC7CD1E4AEA2D004EA25E /* AppDelegate.swift */; };
		301EC7D01E4AEA2D004EA25E /* ViewController.swift in Sources */ = {isa = PBXBuildFile; fileRef = 301EC7CF1E4AEA2D004EA25E /* ViewController.swift */; };
		301EC7D31E4AEA2D004EA25E /* Main.storyboard in Resources */ = {isa = PBXBuildFile; fileRef = 301EC7D11E4AEA2D004EA25E /* Main.storyboard */; };
		301EC7D51E4AEA2E004EA25E /* Assets.xcassets in Resources */ = {isa = PBXBuildFile; fileRef = 301EC7D41E4AEA2E004EA25E /* Assets.xcassets */; };
		301EC7D81E4AEA2E004EA25E /* LaunchScreen.storyboard in Resources */ = {isa = PBXBuildFile; fileRef = 301EC7D61E4AEA2E004EA25E /* LaunchScreen.storyboard */; };
/* End PBXBuildFile section */

/* Begin PBXFileReference section */
		301EC7CA1E4AEA2D004EA25E /* StopWatch.app */ = {isa = PBXFileReference; explicitFileType = wrapper.application; includeInIndex = 0; path = StopWatch.app; sourceTree = BUILT_PRODUCTS_DIR; };
		301EC7CD1E4AEA2D004EA25E /* AppDelegate.swift */ = {isa = PBXFileReference; lastKnownFileType = sourcecode.swift; path = AppDelegate.swift; sourceTree = "<group>"; };
		301EC7CF1E4AEA2D004EA25E /* ViewController.swift */ = {isa = PBXFileReference; lastKnownFileType = sourcecode.swift; path = ViewController.swift; sourceTree = "<group>"; };
		301EC7D21E4AEA2D004EA25E /* Base */ = {isa = PBXFileReference; lastKnownFileType = file.storyboard; name = Base; path = Base.lproj/Main.storyboard; sourceTree = "<group>"; };
		301EC7D41E4AEA2E004EA25E /* Assets.xcassets */ = {isa = PBXFileReference; lastKnownFileType = folder.assetcatalog; path = Assets.xcassets; sourceTree = "<group>"; };
		301EC7D71E4AEA2E004EA25E /* Base */ = {isa = PBXFileReference; lastKnownFileType = file.storyboard; name = Base; path = Base.lproj/LaunchScreen.storyboard; sourceTree = "<group>"; };
		301EC7D91E4AEA2E004EA25E /* Info.plist */ = {isa = PBXFileReference; lastKnownFileType = text.plist.xml; path = Info.plist; sourceTree = "<group>"; };
/* End PBXFileReference section */

/* Begin PBXFrameworksBuildPhase section */
		301EC7C71E4AEA2D004EA25E /* Frameworks */ = {
			isa = PBXFrameworksBuildPhase;
			buildActionMask = 2147483647;
			files = (
			);
			runOnlyForDeploymentPostprocessing = 0;
		};
/* End PBXFrameworksBuildPhase section */

/* Begin PBXGroup section */
		301EC7C11E4AEA2D004EA25E = {
			isa = PBXGroup;
			children = (
				301EC7CC1E4AEA2D004EA25E /* StopWatch */,
				301EC7CB1E4AEA2D004EA25E /* Products */,
			);
			sourceTree = "<group>";
		};
		301EC7CB1E4AEA2D004EA25E /* Products */ = {
			isa = PBXGroup;
			children = (
				301EC7CA1E4AEA2D004EA25E /* StopWatch.app */,
			);
			name = Products;
			sourceTree = "<group>";
		};
		301EC7CC1E4AEA2D004EA25E /* StopWatch */ = {
			isa = PBXGroup;
			children = (
				301EC7CD1E4AEA2D004EA25E /* AppDelegate.swift */,
				301EC7CF1E4AEA2D004EA25E /* ViewController.swift */,
				301EC7DF1E4AEA52004EA25E /* SupportFile */,
			);
			path = StopWatch;
			sourceTree = "<group>";
		};
		301EC7DF1E4AEA52004EA25E /* SupportFile */ = {
			isa = PBXGroup;
			children = (
				301EC7D11E4AEA2D004EA25E /* Main.storyboard */,
				301EC7D41E4AEA2E004EA25E /* Assets.xcassets */,
				301EC7D61E4AEA2E004EA25E /* LaunchScreen.storyboard */,
				301EC7D91E4AEA2E004EA25E /* Info.plist */,
			);
			name = SupportFile;
			sourceTree = "<group>";
		};
/* End PBXGroup section */

/* Begin PBXNativeTarget section */
		301EC7C91E4AEA2D004EA25E /* StopWatch */ = {
			isa = PBXNativeTarget;
			buildConfigurationList = 301EC7DC1E4AEA2E004EA25E /* Build configuration list for PBXNativeTarget "StopWatch" */;
			buildPhases = (
				301EC7C61E4AEA2D004EA25E /* Sources */,
				301EC7C71E4AEA2D004EA25E /* Frameworks */,
				301EC7C81E4AEA2D004EA25E /* Resources */,
			);
			buildRules = (
			);
			dependencies = (
			);
			name = StopWatch;
			productName = StopWatch;
			productReference = 301EC7CA1E4AEA2D004EA25E /* StopWatch.app */;
			productType = "com.apple.product-type.application";
		};
/* End PBXNativeTarget section */

/* Begin PBXProject section */
		301EC7C21E4AEA2D004EA25E /* Project object */ = {
			isa = PBXProject;
			attributes = {
				LastSwiftUpdateCheck = 0830;
				LastUpgradeCheck = 0830;
				ORGANIZATIONNAME = "王潇";
				TargetAttributes = {
					301EC7C91E4AEA2D004EA25E = {
						CreatedOnToolsVersion = 8.3;
						DevelopmentTeam = B5SJ8JYP65;
						ProvisioningStyle = Automatic;
					};
				};
			};
			buildConfigurationList = 301EC7C51E4AEA2D004EA25E /* Build configuration list for PBXProject "StopWatch" */;
			compatibilityVersion = "Xcode 3.2";
			developmentRegion = English;
			hasScannedForEncodings = 0;
			knownRegions = (
				en,
				Base,
			);
			mainGroup = 301EC7C11E4AEA2D004EA25E;
			productRefGroup = 301EC7CB1E4AEA2D004EA25E /* Products */;
			projectDirPath = "";
			projectRoot = "";
			targets = (
				301EC7C91E4AEA2D004EA25E /* StopWatch */,
			);
		};
/* End PBXProject section */

/* Begin PBXResourcesBuildPhase section */
		301EC7C81E4AEA2D004EA25E /* Resources */ = {
			isa = PBXResourcesBuildPhase;
			buildActionMask = 2147483647;
			files = (
				301EC7D81E4AEA2E004EA25E /* LaunchScreen.storyboard in Resources */,
				301EC7D51E4AEA2E004EA25E /* Assets.xcassets in Resources */,
				301EC7D31E4AEA2D004EA25E /* Main.storyboard in Resources */,
			);
			runOnlyForDeploymentPostprocessing = 0;
		};
/* End PBXResourcesBuildPhase section */

/* Begin PBXSourcesBuildPhase section */
		301EC7C61E4AEA2D004EA25E /* Sources */ = {
			isa = PBXSourcesBuildPhase;
			buildActionMask = 2147483647;
			files = (
				301EC7D01E4AEA2D004EA25E /* ViewController.swift in Sources */,
				301EC7CE1E4AEA2D004EA25E /* AppDelegate.swift in Sources */,
			);
			runOnlyForDeploymentPostprocessing = 0;
		};
/* End PBXSourcesBuildPhase section */

/* Begin PBXVariantGroup section */
		301EC7D11E4AEA2D004EA25E /* Main.storyboard */ = {
			isa = PBXVariantGroup;
			children = (
				301EC7D21E4AEA2D004EA25E /* Base */,
			);
			name = Main.storyboard;
			sourceTree = "<group>";
		};
		301EC7D61E4AEA2E004EA25E /* LaunchScreen.storyboard */ = {
			isa = PBXVariantGroup;
			children = (
				301EC7D71E4AEA2E004EA25E /* Base */,
			);
			name = LaunchScreen.storyboard;
			sourceTree = "<group>";
		};
/* End PBXVariantGroup section */

/* Begin XCBuildConfiguration section */
		301EC7DA1E4AEA2E004EA25E /* Debug */ = {
			isa = XCBuildConfiguration;
			buildSettings = {
				ALWAYS_SEARCH_USER_PATHS = NO;
				CLANG_ANALYZER_NONNULL = YES;
				CLANG_ANALYZER_NUMBER_OBJECT_CONVERSION = YES_AGGRESSIVE;
				CLANG_CXX_LANGUAGE_STANDARD = "gnu++0x";
				CLANG_CXX_LIBRARY = "libc++";
				CLANG_ENABLE_MODULES = YES;
				CLANG_ENABLE_OBJC_ARC = YES;
				CLANG_WARN_BOOL_CONVERSION = YES;
				CLANG_WARN_CONSTANT_CONVERSION = YES;
				CLANG_WARN_DIRECT_OBJC_ISA_USAGE = YES_ERROR;
				CLANG_WARN_DOCUMENTATION_COMMENTS = YES;
				CLANG_WARN_EMPTY_BODY = YES;
				CLANG_WARN_ENUM_CONVERSION = YES;
				CLANG_WARN_INFINITE_RECURSION = YES;
				CLANG_WARN_INT_CONVERSION = YES;
				CLANG_WARN_OBJC_ROOT_CLASS = YES_ERROR;
				CLANG_WARN_SUSPICIOUS_MOVE = YES;
				CLANG_WARN_UNREACHABLE_CODE = YES;
				CLANG_WARN__DUPLICATE_METHOD_MATCH = YES;
				"CODE_SIGN_IDENTITY[sdk=iphoneos*]" = "iPhone Developer";
				COPY_PHASE_STRIP = NO;
				DEBUG_INFORMATION_FORMAT = dwarf;
				ENABLE_STRICT_OBJC_MSGSEND = YES;
				ENABLE_TESTABILITY = YES;
				GCC_C_LANGUAGE_STANDARD = gnu99;
				GCC_DYNAMIC_NO_PIC = NO;
				GCC_NO_COMMON_BLOCKS = YES;
				GCC_OPTIMIZATION_LEVEL = 0;
				GCC_PREPROCESSOR_DEFINITIONS = (
					"DEBUG=1",
					"$(inherited)",
				);
				GCC_WARN_64_TO_32_BIT_CONVERSION = YES;
				GCC_WARN_ABOUT_RETURN_TYPE = YES_ERROR;
				GCC_WARN_UNDECLARED_SELECTOR = YES;
				GCC_WARN_UNINITIALIZED_AUTOS = YES_AGGRESSIVE;
				GCC_WARN_UNUSED_FUNCTION = YES;
				GCC_WARN_UNUSED_VARIABLE = YES;
				IPHONEOS_DEPLOYMENT_TARGET = 10.3;
				MTL_ENABLE_DEBUG_INFO = YES;
				ONLY_ACTIVE_ARCH = YES;
				SDKROOT = iphoneos;
				SWIFT_ACTIVE_COMPILATION_CONDITIONS = DEBUG;
				SWIFT_OPTIMIZATION_LEVEL = "-Onone";
				TARGETED_DEVICE_FAMILY = "1,2";
			};
			name = Debug;
		};
		301EC7DB1E4AEA2E004EA25E /* Release */ = {
			isa = XCBuildConfiguration;
			buildSettings = {
				ALWAYS_SEARCH_USER_PATHS = NO;
				CLANG_ANALYZER_NONNULL = YES;
				CLANG_ANALYZER_NUMBER_OBJECT_CONVERSION = YES_AGGRESSIVE;
				CLANG_CXX_LANGUAGE_STANDARD = "gnu++0x";
				CLANG_CXX_LIBRARY = "libc++";
				CLANG_ENABLE_MODULES = YES;
				CLANG_ENABLE_OBJC_ARC = YES;
				CLANG_WARN_BOOL_CONVERSION = YES;
				CLANG_WARN_CONSTANT_CONVERSION = YES;
				CLANG_WARN_DIRECT_OBJC_ISA_USAGE = YES_ERROR;
				CLANG_WARN_DOCUMENTATION_COMMENTS = YES;
				CLANG_WARN_EMPTY_BODY = YES;
				CLANG_WARN_ENUM_CONVERSION = YES;
				CLANG_WARN_INFINITE_RECURSION = YES;
				CLANG_WARN_INT_CONVERSION = YES;
				CLANG_WARN_OBJC_ROOT_CLASS = YES_ERROR;
				CLANG_WARN_SUSPICIOUS_MOVE = YES;
				CLANG_WARN_UNREACHABLE_CODE = YES;
				CLANG_WARN__DUPLICATE_METHOD_MATCH = YES;
				"CODE_SIGN_IDENTITY[sdk=iphoneos*]" = "iPhone Developer";
				COPY_PHASE_STRIP = NO;
				DEBUG_INFORMATION_FORMAT = "dwarf-with-dsym";
				ENABLE_NS_ASSERTIONS = NO;
				ENABLE_STRICT_OBJC_MSGSEND = YES;
				GCC_C_LANGUAGE_STANDARD = gnu99;
				GCC_NO_COMMON_BLOCKS = YES;
				GCC_WARN_64_TO_32_BIT_CONVERSION = YES;
				GCC_WARN_ABOUT_RETURN_TYPE = YES_ERROR;
				GCC_WARN_UNDECLARED_SELECTOR = YES;
				GCC_WARN_UNINITIALIZED_AUTOS = YES_AGGRESSIVE;
				GCC_WARN_UNUSED_FUNCTION = YES;
				GCC_WARN_UNUSED_VARIABLE = YES;
				IPHONEOS_DEPLOYMENT_TARGET = 10.3;
				MTL_ENABLE_DEBUG_INFO = NO;
				SDKROOT = iphoneos;
				SWIFT_OPTIMIZATION_LEVEL = "-Owholemodule";
				TARGETED_DEVICE_FAMILY = "1,2";
				VALIDATE_PRODUCT = YES;
			};
			name = Release;
		};
		301EC7DD1E4AEA2E004EA25E /* Debug */ = {
			isa = XCBuildConfiguration;
			buildSettings = {
				ASSETCATALOG_COMPILER_APPICON_NAME = AppIcon;
				DEVELOPMENT_TEAM = B5SJ8JYP65;
				INFOPLIST_FILE = StopWatch/Info.plist;
				LD_RUNPATH_SEARCH_PATHS = "$(inherited) @executable_path/Frameworks";
				PRODUCT_BUNDLE_IDENTIFIER = jerry.wx.StopWatch;
				PRODUCT_NAME = "$(TARGET_NAME)";
				SWIFT_VERSION = 3.0;
			};
			name = Debug;
		};
		301EC7DE1E4AEA2E004EA25E /* Release */ = {
			isa = XCBuildConfiguration;
			buildSettings = {
				ASSETCATALOG_COMPILER_APPICON_NAME = AppIcon;
				DEVELOPMENT_TEAM = B5SJ8JYP65;
				INFOPLIST_FILE = StopWatch/Info.plist;
				LD_RUNPATH_SEARCH_PATHS = "$(inherited) @executable_path/Frameworks";
				PRODUCT_BUNDLE_IDENTIFIER = jerry.wx.StopWatch;
				PRODUCT_NAME = "$(TARGET_NAME)";
				SWIFT_VERSION = 3.0;
			};
			name = Release;
		};
/* End XCBuildConfiguration section */

/* Begin XCConfigurationList section */
		301EC7C51E4AEA2D004EA25E /* Build configuration list for PBXProject "StopWatch" */ = {
			isa = XCConfigurationList;
			buildConfigurations = (
				301EC7DA1E4AEA2E004EA25E /* Debug */,
				301EC7DB1E4AEA2E004EA25E /* Release */,
			);
			defaultConfigurationIsVisible = 0;
			defaultConfigurationName = Release;
		};
		301EC7DC1E4AEA2E004EA25E /* Build configuration list for PBXNativeTarget "StopWatch" */ = {
			isa = XCConfigurationList;
			buildConfigurations = (
				301EC7DD1E4AEA2E004EA25E /* Debug */,
				301EC7DE1E4AEA2E004EA25E /* Release */,
			);
			defaultConfigurationIsVisible = 0;
		};
/* End XCConfigurationList section */
	};
	rootObject = 301EC7C21E4AEA2D004EA25E /* Project object */;
}
