// !$*UTF8*$!
{
	archiveVersion = 1;
	classes = {
	};
	objectVersion = 46;
	objects = {

/* Begin PBXBuildFile section */
		30A15B8F1E4BFF20003600DC /* AppDelegate.swift in Sources */ = {isa = PBXBuildFile; fileRef = 30A15B8E1E4BFF20003600DC /* AppDelegate.swift */; };
		30A15B911E4BFF20003600DC /* ViewController.swift in Sources */ = {isa = PBXBuildFile; fileRef = 30A15B901E4BFF20003600DC /* ViewController.swift */; };
		30A15B941E4BFF20003600DC /* Main.storyboard in Resources */ = {isa = PBXBuildFile; fileRef = 30A15B921E4BFF20003600DC /* Main.storyboard */; };
		30A15B961E4BFF20003600DC /* Assets.xcassets in Resources */ = {isa = PBXBuildFile; fileRef = 30A15B951E4BFF20003600DC /* Assets.xcassets */; };
		30A15B991E4BFF20003600DC /* LaunchScreen.storyboard in Resources */ = {isa = PBXBuildFile; fileRef = 30A15B971E4BFF20003600DC /* LaunchScreen.storyboard */; };
		30A15BA21E4C044F003600DC /* VideoCellCell.swift in Sources */ = {isa = PBXBuildFile; fileRef = 30A15BA11E4C044F003600DC /* VideoCellCell.swift */; };
		30A15BA41E4C0FC1003600DC /* moments.mp4 in Resources */ = {isa = PBXBuildFile; fileRef = 30A15BA31E4C0FB8003600DC /* moments.mp4 */; };
/* End PBXBuildFile section */

/* Begin PBXFileReference section */
		30A15B8B1E4BFF20003600DC /* PlayLocalVideo.app */ = {isa = PBXFileReference; explicitFileType = wrapper.application; includeInIndex = 0; path = PlayLocalVideo.app; sourceTree = BUILT_PRODUCTS_DIR; };
		30A15B8E1E4BFF20003600DC /* AppDelegate.swift */ = {isa = PBXFileReference; lastKnownFileType = sourcecode.swift; path = AppDelegate.swift; sourceTree = "<group>"; };
		30A15B901E4BFF20003600DC /* ViewController.swift */ = {isa = PBXFileReference; lastKnownFileType = sourcecode.swift; path = ViewController.swift; sourceTree = "<group>"; };
		30A15B931E4BFF20003600DC /* Base */ = {isa = PBXFileReference; lastKnownFileType = file.storyboard; name = Base; path = Base.lproj/Main.storyboard; sourceTree = "<group>"; };
		30A15B951E4BFF20003600DC /* Assets.xcassets */ = {isa = PBXFileReference; lastKnownFileType = folder.assetcatalog; path = Assets.xcassets; sourceTree = "<group>"; };
		30A15B981E4BFF20003600DC /* Base */ = {isa = PBXFileReference; lastKnownFileType = file.storyboard; name = Base; path = Base.lproj/LaunchScreen.storyboard; sourceTree = "<group>"; };
		30A15B9A1E4BFF20003600DC /* Info.plist */ = {isa = PBXFileReference; lastKnownFileType = text.plist.xml; path = Info.plist; sourceTree = "<group>"; };
		30A15BA11E4C044F003600DC /* VideoCellCell.swift */ = {isa = PBXFileReference; fileEncoding = 4; lastKnownFileType = sourcecode.swift; path = VideoCellCell.swift; sourceTree = "<group>"; };
		30A15BA31E4C0FB8003600DC /* moments.mp4 */ = {isa = PBXFileReference; lastKnownFileType = file; path = moments.mp4; sourceTree = "<group>"; };
/* End PBXFileReference section */

/* Begin PBXFrameworksBuildPhase section */
		30A15B881E4BFF20003600DC /* Frameworks */ = {
			isa = PBXFrameworksBuildPhase;
			buildActionMask = 2147483647;
			files = (
			);
			runOnlyForDeploymentPostprocessing = 0;
		};
/* End PBXFrameworksBuildPhase section */

/* Begin PBXGroup section */
		30A15B821E4BFF20003600DC = {
			isa = PBXGroup;
			children = (
				30A15B8D1E4BFF20003600DC /* PlayLocalVideo */,
				30A15B8C1E4BFF20003600DC /* Products */,
			);
			sourceTree = "<group>";
		};
		30A15B8C1E4BFF20003600DC /* Products */ = {
			isa = PBXGroup;
			children = (
				30A15B8B1E4BFF20003600DC /* PlayLocalVideo.app */,
			);
			name = Products;
			sourceTree = "<group>";
		};
		30A15B8D1E4BFF20003600DC /* PlayLocalVideo */ = {
			isa = PBXGroup;
			children = (
				30A15B8E1E4BFF20003600DC /* AppDelegate.swift */,
				30A15B901E4BFF20003600DC /* ViewController.swift */,
				30A15BA11E4C044F003600DC /* VideoCellCell.swift */,
				30A15BA01E4BFF2A003600DC /* SupportFile */,
			);
			path = PlayLocalVideo;
			sourceTree = "<group>";
		};
		30A15BA01E4BFF2A003600DC /* SupportFile */ = {
			isa = PBXGroup;
			children = (
				30A15BA31E4C0FB8003600DC /* moments.mp4 */,
				30A15B921E4BFF20003600DC /* Main.storyboard */,
				30A15B951E4BFF20003600DC /* Assets.xcassets */,
				30A15B971E4BFF20003600DC /* LaunchScreen.storyboard */,
				30A15B9A1E4BFF20003600DC /* Info.plist */,
			);
			name = SupportFile;
			sourceTree = "<group>";
		};
/* End PBXGroup section */

/* Begin PBXNativeTarget section */
		30A15B8A1E4BFF20003600DC /* PlayLocalVideo */ = {
			isa = PBXNativeTarget;
			buildConfigurationList = 30A15B9D1E4BFF20003600DC /* Build configuration list for PBXNativeTarget "PlayLocalVideo" */;
			buildPhases = (
				30A15B871E4BFF20003600DC /* Sources */,
				30A15B881E4BFF20003600DC /* Frameworks */,
				30A15B891E4BFF20003600DC /* Resources */,
			);
			buildRules = (
			);
			dependencies = (
			);
			name = PlayLocalVideo;
			productName = PlayLocalVideo;
			productReference = 30A15B8B1E4BFF20003600DC /* PlayLocalVideo.app */;
			productType = "com.apple.product-type.application";
		};
/* End PBXNativeTarget section */

/* Begin PBXProject section */
		30A15B831E4BFF20003600DC /* Project object */ = {
			isa = PBXProject;
			attributes = {
				LastSwiftUpdateCheck = 0830;
				LastUpgradeCheck = 0830;
				ORGANIZATIONNAME = "王潇";
				TargetAttributes = {
					30A15B8A1E4BFF20003600DC = {
						CreatedOnToolsVersion = 8.3;
						DevelopmentTeam = B5SJ8JYP65;
						ProvisioningStyle = Automatic;
					};
				};
			};
			buildConfigurationList = 30A15B861E4BFF20003600DC /* Build configuration list for PBXProject "PlayLocalVideo" */;
			compatibilityVersion = "Xcode 3.2";
			developmentRegion = English;
			hasScannedForEncodings = 0;
			knownRegions = (
				en,
				Base,
			);
			mainGroup = 30A15B821E4BFF20003600DC;
			productRefGroup = 30A15B8C1E4BFF20003600DC /* Products */;
			projectDirPath = "";
			projectRoot = "";
			targets = (
				30A15B8A1E4BFF20003600DC /* PlayLocalVideo */,
			);
		};
/* End PBXProject section */

/* Begin PBXResourcesBuildPhase section */
		30A15B891E4BFF20003600DC /* Resources */ = {
			isa = PBXResourcesBuildPhase;
			buildActionMask = 2147483647;
			files = (
				30A15BA41E4C0FC1003600DC /* moments.mp4 in Resources */,
				30A15B991E4BFF20003600DC /* LaunchScreen.storyboard in Resources */,
				30A15B961E4BFF20003600DC /* Assets.xcassets in Resources */,
				30A15B941E4BFF20003600DC /* Main.storyboard in Resources */,
			);
			runOnlyForDeploymentPostprocessing = 0;
		};
/* End PBXResourcesBuildPhase section */

/* Begin PBXSourcesBuildPhase section */
		30A15B871E4BFF20003600DC /* Sources */ = {
			isa = PBXSourcesBuildPhase;
			buildActionMask = 2147483647;
			files = (
				30A15B911E4BFF20003600DC /* ViewController.swift in Sources */,
				30A15B8F1E4BFF20003600DC /* AppDelegate.swift in Sources */,
				30A15BA21E4C044F003600DC /* VideoCellCell.swift in Sources */,
			);
			runOnlyForDeploymentPostprocessing = 0;
		};
/* End PBXSourcesBuildPhase section */

/* Begin PBXVariantGroup section */
		30A15B921E4BFF20003600DC /* Main.storyboard */ = {
			isa = PBXVariantGroup;
			children = (
				30A15B931E4BFF20003600DC /* Base */,
			);
			name = Main.storyboard;
			sourceTree = "<group>";
		};
		30A15B971E4BFF20003600DC /* LaunchScreen.storyboard */ = {
			isa = PBXVariantGroup;
			children = (
				30A15B981E4BFF20003600DC /* Base */,
			);
			name = LaunchScreen.storyboard;
			sourceTree = "<group>";
		};
/* End PBXVariantGroup section */

/* Begin XCBuildConfiguration section */
		30A15B9B1E4BFF20003600DC /* Debug */ = {
			isa = XCBuildConfiguration;
			buildSettings = {
				ALWAYS_SEARCH_USER_PATHS = NO;
				CLANG_ANALYZER_NONNULL = YES;
				CLANG_ANALYZER_NUMBER_OBJECT_CONVERSION = YES_AGGRESSIVE;
				CLANG_CXX_LANGUAGE_STANDARD = "gnu++0x";
				CLANG_CXX_LIBRARY = "libc++";
				CLANG_ENABLE_MODULES = YES;
				CLANG_ENABLE_OBJC_ARC = YES;
				CLANG_WARN_BOOL_CONVERSION = YES;
				CLANG_WARN_CONSTANT_CONVERSION = YES;
				CLANG_WARN_DIRECT_OBJC_ISA_USAGE = YES_ERROR;
				CLANG_WARN_DOCUMENTATION_COMMENTS = YES;
				CLANG_WARN_EMPTY_BODY = YES;
				CLANG_WARN_ENUM_CONVERSION = YES;
				CLANG_WARN_INFINITE_RECURSION = YES;
				CLANG_WARN_INT_CONVERSION = YES;
				CLANG_WARN_OBJC_ROOT_CLASS = YES_ERROR;
				CLANG_WARN_SUSPICIOUS_MOVE = YES;
				CLANG_WARN_UNREACHABLE_CODE = YES;
				CLANG_WARN__DUPLICATE_METHOD_MATCH = YES;
				"CODE_SIGN_IDENTITY[sdk=iphoneos*]" = "iPhone Developer";
				COPY_PHASE_STRIP = NO;
				DEBUG_INFORMATION_FORMAT = dwarf;
				ENABLE_STRICT_OBJC_MSGSEND = YES;
				ENABLE_TESTABILITY = YES;
				GCC_C_LANGUAGE_STANDARD = gnu99;
				GCC_DYNAMIC_NO_PIC = NO;
				GCC_NO_COMMON_BLOCKS = YES;
				GCC_OPTIMIZATION_LEVEL = 0;
				GCC_PREPROCESSOR_DEFINITIONS = (
					"DEBUG=1",
					"$(inherited)",
				);
				GCC_WARN_64_TO_32_BIT_CONVERSION = YES;
				GCC_WARN_ABOUT_RETURN_TYPE = YES_ERROR;
				GCC_WARN_UNDECLARED_SELECTOR = YES;
				GCC_WARN_UNINITIALIZED_AUTOS = YES_AGGRESSIVE;
				GCC_WARN_UNUSED_FUNCTION = YES;
				GCC_WARN_UNUSED_VARIABLE = YES;
				IPHONEOS_DEPLOYMENT_TARGET = 10.3;
				MTL_ENABLE_DEBUG_INFO = YES;
				ONLY_ACTIVE_ARCH = YES;
				SDKROOT = iphoneos;
				SWIFT_ACTIVE_COMPILATION_CONDITIONS = DEBUG;
				SWIFT_OPTIMIZATION_LEVEL = "-Onone";
				TARGETED_DEVICE_FAMILY = "1,2";
			};
			name = Debug;
		};
		30A15B9C1E4BFF20003600DC /* Release */ = {
			isa = XCBuildConfiguration;
			buildSettings = {
				ALWAYS_SEARCH_USER_PATHS = NO;
				CLANG_ANALYZER_NONNULL = YES;
				CLANG_ANALYZER_NUMBER_OBJECT_CONVERSION = YES_AGGRESSIVE;
				CLANG_CXX_LANGUAGE_STANDARD = "gnu++0x";
				CLANG_CXX_LIBRARY = "libc++";
				CLANG_ENABLE_MODULES = YES;
				CLANG_ENABLE_OBJC_ARC = YES;
				CLANG_WARN_BOOL_CONVERSION = YES;
				CLANG_WARN_CONSTANT_CONVERSION = YES;
				CLANG_WARN_DIRECT_OBJC_ISA_USAGE = YES_ERROR;
				CLANG_WARN_DOCUMENTATION_COMMENTS = YES;
				CLANG_WARN_EMPTY_BODY = YES;
				CLANG_WARN_ENUM_CONVERSION = YES;
				CLANG_WARN_INFINITE_RECURSION = YES;
				CLANG_WARN_INT_CONVERSION = YES;
				CLANG_WARN_OBJC_ROOT_CLASS = YES_ERROR;
				CLANG_WARN_SUSPICIOUS_MOVE = YES;
				CLANG_WARN_UNREACHABLE_CODE = YES;
				CLANG_WARN__DUPLICATE_METHOD_MATCH = YES;
				"CODE_SIGN_IDENTITY[sdk=iphoneos*]" = "iPhone Developer";
				COPY_PHASE_STRIP = NO;
				DEBUG_INFORMATION_FORMAT = "dwarf-with-dsym";
				ENABLE_NS_ASSERTIONS = NO;
				ENABLE_STRICT_OBJC_MSGSEND = YES;
				GCC_C_LANGUAGE_STANDARD = gnu99;
				GCC_NO_COMMON_BLOCKS = YES;
				GCC_WARN_64_TO_32_BIT_CONVERSION = YES;
				GCC_WARN_ABOUT_RETURN_TYPE = YES_ERROR;
				GCC_WARN_UNDECLARED_SELECTOR = YES;
				GCC_WARN_UNINITIALIZED_AUTOS = YES_AGGRESSIVE;
				GCC_WARN_UNUSED_FUNCTION = YES;
				GCC_WARN_UNUSED_VARIABLE = YES;
				IPHONEOS_DEPLOYMENT_TARGET = 10.3;
				MTL_ENABLE_DEBUG_INFO = NO;
				SDKROOT = iphoneos;
				SWIFT_OPTIMIZATION_LEVEL = "-Owholemodule";
				TARGETED_DEVICE_FAMILY = "1,2";
				VALIDATE_PRODUCT = YES;
			};
			name = Release;
		};
		30A15B9E1E4BFF20003600DC /* Debug */ = {
			isa = XCBuildConfiguration;
			buildSettings = {
				ASSETCATALOG_COMPILER_APPICON_NAME = AppIcon;
				"CODE_SIGN_IDENTITY[sdk=iphoneos*]" = "iPhone Developer";
				DEVELOPMENT_TEAM = B5SJ8JYP65;
				INFOPLIST_FILE = PlayLocalVideo/Info.plist;
				IPHONEOS_DEPLOYMENT_TARGET = 10.0;
				LD_RUNPATH_SEARCH_PATHS = "$(inherited) @executable_path/Frameworks";
				PRODUCT_BUNDLE_IDENTIFIER = jerry.wx.CustomFont;
				PRODUCT_NAME = "$(TARGET_NAME)";
				PROVISIONING_PROFILE_SPECIFIER = "";
				SWIFT_VERSION = 3.0;
			};
			name = Debug;
		};
		30A15B9F1E4BFF20003600DC /* Release */ = {
			isa = XCBuildConfiguration;
			buildSettings = {
				ASSETCATALOG_COMPILER_APPICON_NAME = AppIcon;
				"CODE_SIGN_IDENTITY[sdk=iphoneos*]" = "iPhone Developer";
				DEVELOPMENT_TEAM = B5SJ8JYP65;
				INFOPLIST_FILE = PlayLocalVideo/Info.plist;
				IPHONEOS_DEPLOYMENT_TARGET = 10.0;
				LD_RUNPATH_SEARCH_PATHS = "$(inherited) @executable_path/Frameworks";
				PRODUCT_BUNDLE_IDENTIFIER = jerry.wx.CustomFont;
				PRODUCT_NAME = "$(TARGET_NAME)";
				PROVISIONING_PROFILE_SPECIFIER = "";
				SWIFT_VERSION = 3.0;
			};
			name = Release;
		};
/* End XCBuildConfiguration section */

/* Begin XCConfigurationList section */
		30A15B861E4BFF20003600DC /* Build configuration list for PBXProject "PlayLocalVideo" */ = {
			isa = XCConfigurationList;
			buildConfigurations = (
				30A15B9B1E4BFF20003600DC /* Debug */,
				30A15B9C1E4BFF20003600DC /* Release */,
			);
			defaultConfigurationIsVisible = 0;
			defaultConfigurationName = Release;
		};
		30A15B9D1E4BFF20003600DC /* Build configuration list for PBXNativeTarget "PlayLocalVideo" */ = {
			isa = XCConfigurationList;
			buildConfigurations = (
				30A15B9E1E4BFF20003600DC /* Debug */,
				30A15B9F1E4BFF20003600DC /* Release */,
			);
			defaultConfigurationIsVisible = 0;
			defaultConfigurationName = Release;
		};
/* End XCConfigurationList section */
	};
	rootObject = 30A15B831E4BFF20003600DC /* Project object */;
}
