// !$*UTF8*$!
{
	archiveVersion = 1;
	classes = {
	};
	objectVersion = 46;
	objects = {

/* Begin PBXBuildFile section */
		C4216CCD1E54AD0D000C8F50 /* AddViewController.swift in Sources */ = {isa = PBXBuildFile; fileRef = C4216CCC1E54AD0D000C8F50 /* AddViewController.swift */; };
		C425437D1E51FCCC00D1FAE2 /* AppDelegate.swift in Sources */ = {isa = PBXBuildFile; fileRef = C425437C1E51FCCC00D1FAE2 /* AppDelegate.swift */; };
		C425437F1E51FCCC00D1FAE2 /* ViewController.swift in Sources */ = {isa = PBXBuildFile; fileRef = C425437E1E51FCCC00D1FAE2 /* ViewController.swift */; };
		C42543821E51FCCC00D1FAE2 /* Main.storyboard in Resources */ = {isa = PBXBuildFile; fileRef = C42543801E51FCCC00D1FAE2 /* Main.storyboard */; };
		C42543841E51FCCC00D1FAE2 /* Assets.xcassets in Resources */ = {isa = PBXBuildFile; fileRef = C42543831E51FCCC00D1FAE2 /* Assets.xcassets */; };
		C42543871E51FCCC00D1FAE2 /* LaunchScreen.storyboard in Resources */ = {isa = PBXBuildFile; fileRef = C42543851E51FCCC00D1FAE2 /* LaunchScreen.storyboard */; };
/* End PBXBuildFile section */

/* Begin PBXFileReference section */
		C4216CCC1E54AD0D000C8F50 /* AddViewController.swift */ = {isa = PBXFileReference; fileEncoding = 4; lastKnownFileType = sourcecode.swift; path = AddViewController.swift; sourceTree = "<group>"; };
		C42543791E51FCCC00D1FAE2 /* Todo.app */ = {isa = PBXFileReference; explicitFileType = wrapper.application; includeInIndex = 0; path = Todo.app; sourceTree = BUILT_PRODUCTS_DIR; };
		C425437C1E51FCCC00D1FAE2 /* AppDelegate.swift */ = {isa = PBXFileReference; lastKnownFileType = sourcecode.swift; path = AppDelegate.swift; sourceTree = "<group>"; };
		C425437E1E51FCCC00D1FAE2 /* ViewController.swift */ = {isa = PBXFileReference; lastKnownFileType = sourcecode.swift; path = ViewController.swift; sourceTree = "<group>"; };
		C42543811E51FCCC00D1FAE2 /* Base */ = {isa = PBXFileReference; lastKnownFileType = file.storyboard; name = Base; path = Base.lproj/Main.storyboard; sourceTree = "<group>"; };
		C42543831E51FCCC00D1FAE2 /* Assets.xcassets */ = {isa = PBXFileReference; lastKnownFileType = folder.assetcatalog; path = Assets.xcassets; sourceTree = "<group>"; };
		C42543861E51FCCC00D1FAE2 /* Base */ = {isa = PBXFileReference; lastKnownFileType = file.storyboard; name = Base; path = Base.lproj/LaunchScreen.storyboard; sourceTree = "<group>"; };
		C42543881E51FCCC00D1FAE2 /* Info.plist */ = {isa = PBXFileReference; lastKnownFileType = text.plist.xml; path = Info.plist; sourceTree = "<group>"; };
/* End PBXFileReference section */

/* Begin PBXFrameworksBuildPhase section */
		C42543761E51FCCC00D1FAE2 /* Frameworks */ = {
			isa = PBXFrameworksBuildPhase;
			buildActionMask = 2147483647;
			files = (
			);
			runOnlyForDeploymentPostprocessing = 0;
		};
/* End PBXFrameworksBuildPhase section */

/* Begin PBXGroup section */
		C4216CCB1E549AF0000C8F50 /* SupportFile */ = {
			isa = PBXGroup;
			children = (
				C42543801E51FCCC00D1FAE2 /* Main.storyboard */,
				C42543831E51FCCC00D1FAE2 /* Assets.xcassets */,
				C42543851E51FCCC00D1FAE2 /* LaunchScreen.storyboard */,
				C42543881E51FCCC00D1FAE2 /* Info.plist */,
			);
			name = SupportFile;
			sourceTree = "<group>";
		};
		C42543701E51FCCC00D1FAE2 = {
			isa = PBXGroup;
			children = (
				C425437B1E51FCCC00D1FAE2 /* Todo */,
				C425437A1E51FCCC00D1FAE2 /* Products */,
			);
			sourceTree = "<group>";
		};
		C425437A1E51FCCC00D1FAE2 /* Products */ = {
			isa = PBXGroup;
			children = (
				C42543791E51FCCC00D1FAE2 /* Todo.app */,
			);
			name = Products;
			sourceTree = "<group>";
		};
		C425437B1E51FCCC00D1FAE2 /* Todo */ = {
			isa = PBXGroup;
			children = (
				C425437C1E51FCCC00D1FAE2 /* AppDelegate.swift */,
				C425437E1E51FCCC00D1FAE2 /* ViewController.swift */,
				C4216CCC1E54AD0D000C8F50 /* AddViewController.swift */,
				C4216CCB1E549AF0000C8F50 /* SupportFile */,
			);
			path = Todo;
			sourceTree = "<group>";
		};
/* End PBXGroup section */

/* Begin PBXNativeTarget section */
		C42543781E51FCCC00D1FAE2 /* Todo */ = {
			isa = PBXNativeTarget;
			buildConfigurationList = C425438B1E51FCCC00D1FAE2 /* Build configuration list for PBXNativeTarget "Todo" */;
			buildPhases = (
				C42543751E51FCCC00D1FAE2 /* Sources */,
				C42543761E51FCCC00D1FAE2 /* Frameworks */,
				C42543771E51FCCC00D1FAE2 /* Resources */,
			);
			buildRules = (
			);
			dependencies = (
			);
			name = Todo;
			productName = Todo;
			productReference = C42543791E51FCCC00D1FAE2 /* Todo.app */;
			productType = "com.apple.product-type.application";
		};
/* End PBXNativeTarget section */

/* Begin PBXProject section */
		C42543711E51FCCC00D1FAE2 /* Project object */ = {
			isa = PBXProject;
			attributes = {
				LastSwiftUpdateCheck = 0820;
				LastUpgradeCheck = 0820;
				ORGANIZATIONNAME = "王潇";
				TargetAttributes = {
					C42543781E51FCCC00D1FAE2 = {
						CreatedOnToolsVersion = 8.2.1;
						ProvisioningStyle = Automatic;
					};
				};
			};
			buildConfigurationList = C42543741E51FCCC00D1FAE2 /* Build configuration list for PBXProject "Todo" */;
			compatibilityVersion = "Xcode 3.2";
			developmentRegion = English;
			hasScannedForEncodings = 0;
			knownRegions = (
				en,
				Base,
			);
			mainGroup = C42543701E51FCCC00D1FAE2;
			productRefGroup = C425437A1E51FCCC00D1FAE2 /* Products */;
			projectDirPath = "";
			projectRoot = "";
			targets = (
				C42543781E51FCCC00D1FAE2 /* Todo */,
			);
		};
/* End PBXProject section */

/* Begin PBXResourcesBuildPhase section */
		C42543771E51FCCC00D1FAE2 /* Resources */ = {
			isa = PBXResourcesBuildPhase;
			buildActionMask = 2147483647;
			files = (
				C42543871E51FCCC00D1FAE2 /* LaunchScreen.storyboard in Resources */,
				C42543841E51FCCC00D1FAE2 /* Assets.xcassets in Resources */,
				C42543821E51FCCC00D1FAE2 /* Main.storyboard in Resources */,
			);
			runOnlyForDeploymentPostprocessing = 0;
		};
/* End PBXResourcesBuildPhase section */

/* Begin PBXSourcesBuildPhase section */
		C42543751E51FCCC00D1FAE2 /* Sources */ = {
			isa = PBXSourcesBuildPhase;
			buildActionMask = 2147483647;
			files = (
				C425437F1E51FCCC00D1FAE2 /* ViewController.swift in Sources */,
				C425437D1E51FCCC00D1FAE2 /* AppDelegate.swift in Sources */,
				C4216CCD1E54AD0D000C8F50 /* AddViewController.swift in Sources */,
			);
			runOnlyForDeploymentPostprocessing = 0;
		};
/* End PBXSourcesBuildPhase section */

/* Begin PBXVariantGroup section */
		C42543801E51FCCC00D1FAE2 /* Main.storyboard */ = {
			isa = PBXVariantGroup;
			children = (
				C42543811E51FCCC00D1FAE2 /* Base */,
			);
			name = Main.storyboard;
			sourceTree = "<group>";
		};
		C42543851E51FCCC00D1FAE2 /* LaunchScreen.storyboard */ = {
			isa = PBXVariantGroup;
			children = (
				C42543861E51FCCC00D1FAE2 /* Base */,
			);
			name = LaunchScreen.storyboard;
			sourceTree = "<group>";
		};
/* End PBXVariantGroup section */

/* Begin XCBuildConfiguration section */
		C42543891E51FCCC00D1FAE2 /* Debug */ = {
			isa = XCBuildConfiguration;
			buildSettings = {
				ALWAYS_SEARCH_USER_PATHS = NO;
				CLANG_ANALYZER_NONNULL = YES;
				CLANG_CXX_LANGUAGE_STANDARD = "gnu++0x";
				CLANG_CXX_LIBRARY = "libc++";
				CLANG_ENABLE_MODULES = YES;
				CLANG_ENABLE_OBJC_ARC = YES;
				CLANG_WARN_BOOL_CONVERSION = YES;
				CLANG_WARN_CONSTANT_CONVERSION = YES;
				CLANG_WARN_DIRECT_OBJC_ISA_USAGE = YES_ERROR;
				CLANG_WARN_DOCUMENTATION_COMMENTS = YES;
				CLANG_WARN_EMPTY_BODY = YES;
				CLANG_WARN_ENUM_CONVERSION = YES;
				CLANG_WARN_INFINITE_RECURSION = YES;
				CLANG_WARN_INT_CONVERSION = YES;
				CLANG_WARN_OBJC_ROOT_CLASS = YES_ERROR;
				CLANG_WARN_SUSPICIOUS_MOVE = YES;
				CLANG_WARN_UNREACHABLE_CODE = YES;
				CLANG_WARN__DUPLICATE_METHOD_MATCH = YES;
				"CODE_SIGN_IDENTITY[sdk=iphoneos*]" = "iPhone Developer";
				COPY_PHASE_STRIP = NO;
				DEBUG_INFORMATION_FORMAT = dwarf;
				ENABLE_STRICT_OBJC_MSGSEND = YES;
				ENABLE_TESTABILITY = YES;
				GCC_C_LANGUAGE_STANDARD = gnu99;
				GCC_DYNAMIC_NO_PIC = NO;
				GCC_NO_COMMON_BLOCKS = YES;
				GCC_OPTIMIZATION_LEVEL = 0;
				GCC_PREPROCESSOR_DEFINITIONS = (
					"DEBUG=1",
					"$(inherited)",
				);
				GCC_WARN_64_TO_32_BIT_CONVERSION = YES;
				GCC_WARN_ABOUT_RETURN_TYPE = YES_ERROR;
				GCC_WARN_UNDECLARED_SELECTOR = YES;
				GCC_WARN_UNINITIALIZED_AUTOS = YES_AGGRESSIVE;
				GCC_WARN_UNUSED_FUNCTION = YES;
				GCC_WARN_UNUSED_VARIABLE = YES;
				IPHONEOS_DEPLOYMENT_TARGET = 10.2;
				MTL_ENABLE_DEBUG_INFO = YES;
				ONLY_ACTIVE_ARCH = YES;
				SDKROOT = iphoneos;
				SWIFT_ACTIVE_COMPILATION_CONDITIONS = DEBUG;
				SWIFT_OPTIMIZATION_LEVEL = "-Onone";
				TARGETED_DEVICE_FAMILY = "1,2";
			};
			name = Debug;
		};
		C425438A1E51FCCC00D1FAE2 /* Release */ = {
			isa = XCBuildConfiguration;
			buildSettings = {
				ALWAYS_SEARCH_USER_PATHS = NO;
				CLANG_ANALYZER_NONNULL = YES;
				CLANG_CXX_LANGUAGE_STANDARD = "gnu++0x";
				CLANG_CXX_LIBRARY = "libc++";
				CLANG_ENABLE_MODULES = YES;
				CLANG_ENABLE_OBJC_ARC = YES;
				CLANG_WARN_BOOL_CONVERSION = YES;
				CLANG_WARN_CONSTANT_CONVERSION = YES;
				CLANG_WARN_DIRECT_OBJC_ISA_USAGE = YES_ERROR;
				CLANG_WARN_DOCUMENTATION_COMMENTS = YES;
				CLANG_WARN_EMPTY_BODY = YES;
				CLANG_WARN_ENUM_CONVERSION = YES;
				CLANG_WARN_INFINITE_RECURSION = YES;
				CLANG_WARN_INT_CONVERSION = YES;
				CLANG_WARN_OBJC_ROOT_CLASS = YES_ERROR;
				CLANG_WARN_SUSPICIOUS_MOVE = YES;
				CLANG_WARN_UNREACHABLE_CODE = YES;
				CLANG_WARN__DUPLICATE_METHOD_MATCH = YES;
				"CODE_SIGN_IDENTITY[sdk=iphoneos*]" = "iPhone Developer";
				COPY_PHASE_STRIP = NO;
				DEBUG_INFORMATION_FORMAT = "dwarf-with-dsym";
				ENABLE_NS_ASSERTIONS = NO;
				ENABLE_STRICT_OBJC_MSGSEND = YES;
				GCC_C_LANGUAGE_STANDARD = gnu99;
				GCC_NO_COMMON_BLOCKS = YES;
				GCC_WARN_64_TO_32_BIT_CONVERSION = YES;
				GCC_WARN_ABOUT_RETURN_TYPE = YES_ERROR;
				GCC_WARN_UNDECLARED_SELECTOR = YES;
				GCC_WARN_UNINITIALIZED_AUTOS = YES_AGGRESSIVE;
				GCC_WARN_UNUSED_FUNCTION = YES;
				GCC_WARN_UNUSED_VARIABLE = YES;
				IPHONEOS_DEPLOYMENT_TARGET = 10.2;
				MTL_ENABLE_DEBUG_INFO = NO;
				SDKROOT = iphoneos;
				SWIFT_OPTIMIZATION_LEVEL = "-Owholemodule";
				TARGETED_DEVICE_FAMILY = "1,2";
				VALIDATE_PRODUCT = YES;
			};
			name = Release;
		};
		C425438C1E51FCCC00D1FAE2 /* Debug */ = {
			isa = XCBuildConfiguration;
			buildSettings = {
				ASSETCATALOG_COMPILER_APPICON_NAME = AppIcon;
				INFOPLIST_FILE = Todo/Info.plist;
				LD_RUNPATH_SEARCH_PATHS = "$(inherited) @executable_path/Frameworks";
				PRODUCT_BUNDLE_IDENTIFIER = com.jerry.Todo;
				PRODUCT_NAME = "$(TARGET_NAME)";
				SWIFT_VERSION = 3.0;
			};
			name = Debug;
		};
		C425438D1E51FCCC00D1FAE2 /* Release */ = {
			isa = XCBuildConfiguration;
			buildSettings = {
				ASSETCATALOG_COMPILER_APPICON_NAME = AppIcon;
				INFOPLIST_FILE = Todo/Info.plist;
				LD_RUNPATH_SEARCH_PATHS = "$(inherited) @executable_path/Frameworks";
				PRODUCT_BUNDLE_IDENTIFIER = com.jerry.Todo;
				PRODUCT_NAME = "$(TARGET_NAME)";
				SWIFT_VERSION = 3.0;
			};
			name = Release;
		};
/* End XCBuildConfiguration section */

/* Begin XCConfigurationList section */
		C42543741E51FCCC00D1FAE2 /* Build configuration list for PBXProject "Todo" */ = {
			isa = XCConfigurationList;
			buildConfigurations = (
				C42543891E51FCCC00D1FAE2 /* Debug */,
				C425438A1E51FCCC00D1FAE2 /* Release */,
			);
			defaultConfigurationIsVisible = 0;
			defaultConfigurationName = Release;
		};
		C425438B1E51FCCC00D1FAE2 /* Build configuration list for PBXNativeTarget "Todo" */ = {
			isa = XCConfigurationList;
			buildConfigurations = (
				C425438C1E51FCCC00D1FAE2 /* Debug */,
				C425438D1E51FCCC00D1FAE2 /* Release */,
			);
			defaultConfigurationIsVisible = 0;
			defaultConfigurationName = Release;
		};
/* End XCConfigurationList section */
	};
	rootObject = C42543711E51FCCC00D1FAE2 /* Project object */;
}
