// !$*UTF8*$!
{
	archiveVersion = 1;
	classes = {
	};
	objectVersion = 46;
	objects = {

/* Begin PBXBuildFile section */
		C42D9C571E4CC2B6005E6C4F /* AppDelegate.swift in Sources */ = {isa = PBXBuildFile; fileRef = C42D9C561E4CC2B6005E6C4F /* AppDelegate.swift */; };
		C42D9C591E4CC2B6005E6C4F /* ViewController.swift in Sources */ = {isa = PBXBuildFile; fileRef = C42D9C581E4CC2B6005E6C4F /* ViewController.swift */; };
		C42D9C5C1E4CC2B6005E6C4F /* Main.storyboard in Resources */ = {isa = PBXBuildFile; fileRef = C42D9C5A1E4CC2B6005E6C4F /* Main.storyboard */; };
		C42D9C5E1E4CC2B6005E6C4F /* Assets.xcassets in Resources */ = {isa = PBXBuildFile; fileRef = C42D9C5D1E4CC2B6005E6C4F /* Assets.xcassets */; };
		C42D9C611E4CC2B6005E6C4F /* LaunchScreen.storyboard in Resources */ = {isa = PBXBuildFile; fileRef = C42D9C5F1E4CC2B6005E6C4F /* LaunchScreen.storyboard */; };
		C42D9C7D1E4CC2C5005E6C4F /* AFError.swift in Sources */ = {isa = PBXBuildFile; fileRef = C42D9C691E4CC2C5005E6C4F /* AFError.swift */; };
		C42D9C7E1E4CC2C5005E6C4F /* Alamofire.swift in Sources */ = {isa = PBXBuildFile; fileRef = C42D9C6B1E4CC2C5005E6C4F /* Alamofire.swift */; };
		C42D9C7F1E4CC2C5005E6C4F /* DispatchQueue+Alamofire.swift in Sources */ = {isa = PBXBuildFile; fileRef = C42D9C6C1E4CC2C5005E6C4F /* DispatchQueue+Alamofire.swift */; };
		C42D9C821E4CC2C5005E6C4F /* MultipartFormData.swift in Sources */ = {isa = PBXBuildFile; fileRef = C42D9C6F1E4CC2C5005E6C4F /* MultipartFormData.swift */; };
		C42D9C831E4CC2C5005E6C4F /* NetworkReachabilityManager.swift in Sources */ = {isa = PBXBuildFile; fileRef = C42D9C701E4CC2C5005E6C4F /* NetworkReachabilityManager.swift */; };
		C42D9C841E4CC2C5005E6C4F /* Notifications.swift in Sources */ = {isa = PBXBuildFile; fileRef = C42D9C711E4CC2C5005E6C4F /* Notifications.swift */; };
		C42D9C851E4CC2C5005E6C4F /* ParameterEncoding.swift in Sources */ = {isa = PBXBuildFile; fileRef = C42D9C721E4CC2C5005E6C4F /* ParameterEncoding.swift */; };
		C42D9C861E4CC2C5005E6C4F /* Request.swift in Sources */ = {isa = PBXBuildFile; fileRef = C42D9C731E4CC2C5005E6C4F /* Request.swift */; };
		C42D9C871E4CC2C5005E6C4F /* Response.swift in Sources */ = {isa = PBXBuildFile; fileRef = C42D9C741E4CC2C5005E6C4F /* Response.swift */; };
		C42D9C881E4CC2C5005E6C4F /* ResponseSerialization.swift in Sources */ = {isa = PBXBuildFile; fileRef = C42D9C751E4CC2C5005E6C4F /* ResponseSerialization.swift */; };
		C42D9C891E4CC2C5005E6C4F /* Result.swift in Sources */ = {isa = PBXBuildFile; fileRef = C42D9C761E4CC2C5005E6C4F /* Result.swift */; };
		C42D9C8A1E4CC2C5005E6C4F /* ServerTrustPolicy.swift in Sources */ = {isa = PBXBuildFile; fileRef = C42D9C771E4CC2C5005E6C4F /* ServerTrustPolicy.swift */; };
		C42D9C8B1E4CC2C5005E6C4F /* SessionDelegate.swift in Sources */ = {isa = PBXBuildFile; fileRef = C42D9C781E4CC2C5005E6C4F /* SessionDelegate.swift */; };
		C42D9C8C1E4CC2C5005E6C4F /* SessionManager.swift in Sources */ = {isa = PBXBuildFile; fileRef = C42D9C791E4CC2C5005E6C4F /* SessionManager.swift */; };
		C42D9C8D1E4CC2C5005E6C4F /* TaskDelegate.swift in Sources */ = {isa = PBXBuildFile; fileRef = C42D9C7A1E4CC2C5005E6C4F /* TaskDelegate.swift */; };
		C42D9C8E1E4CC2C5005E6C4F /* Timeline.swift in Sources */ = {isa = PBXBuildFile; fileRef = C42D9C7B1E4CC2C5005E6C4F /* Timeline.swift */; };
		C42D9C8F1E4CC2C5005E6C4F /* Validation.swift in Sources */ = {isa = PBXBuildFile; fileRef = C42D9C7C1E4CC2C5005E6C4F /* Validation.swift */; };
/* End PBXBuildFile section */

/* Begin PBXFileReference section */
		C42D9C531E4CC2B6005E6C4F /* ThirdFrameWorks.app */ = {isa = PBXFileReference; explicitFileType = wrapper.application; includeInIndex = 0; path = ThirdFrameWorks.app; sourceTree = BUILT_PRODUCTS_DIR; };
		C42D9C561E4CC2B6005E6C4F /* AppDelegate.swift */ = {isa = PBXFileReference; lastKnownFileType = sourcecode.swift; path = AppDelegate.swift; sourceTree = "<group>"; };
		C42D9C581E4CC2B6005E6C4F /* ViewController.swift */ = {isa = PBXFileReference; lastKnownFileType = sourcecode.swift; path = ViewController.swift; sourceTree = "<group>"; };
		C42D9C5B1E4CC2B6005E6C4F /* Base */ = {isa = PBXFileReference; lastKnownFileType = file.storyboard; name = Base; path = Base.lproj/Main.storyboard; sourceTree = "<group>"; };
		C42D9C5D1E4CC2B6005E6C4F /* Assets.xcassets */ = {isa = PBXFileReference; lastKnownFileType = folder.assetcatalog; path = Assets.xcassets; sourceTree = "<group>"; };
		C42D9C601E4CC2B6005E6C4F /* Base */ = {isa = PBXFileReference; lastKnownFileType = file.storyboard; name = Base; path = Base.lproj/LaunchScreen.storyboard; sourceTree = "<group>"; };
		C42D9C621E4CC2B6005E6C4F /* Info.plist */ = {isa = PBXFileReference; lastKnownFileType = text.plist.xml; path = Info.plist; sourceTree = "<group>"; };
		C42D9C691E4CC2C5005E6C4F /* AFError.swift */ = {isa = PBXFileReference; fileEncoding = 4; lastKnownFileType = sourcecode.swift; path = AFError.swift; sourceTree = "<group>"; };
		C42D9C6A1E4CC2C5005E6C4F /* Alamofire.h */ = {isa = PBXFileReference; fileEncoding = 4; lastKnownFileType = sourcecode.c.h; path = Alamofire.h; sourceTree = "<group>"; };
		C42D9C6B1E4CC2C5005E6C4F /* Alamofire.swift */ = {isa = PBXFileReference; fileEncoding = 4; lastKnownFileType = sourcecode.swift; path = Alamofire.swift; sourceTree = "<group>"; };
		C42D9C6C1E4CC2C5005E6C4F /* DispatchQueue+Alamofire.swift */ = {isa = PBXFileReference; fileEncoding = 4; lastKnownFileType = sourcecode.swift; path = "DispatchQueue+Alamofire.swift"; sourceTree = "<group>"; };
		C42D9C6F1E4CC2C5005E6C4F /* MultipartFormData.swift */ = {isa = PBXFileReference; fileEncoding = 4; lastKnownFileType = sourcecode.swift; path = MultipartFormData.swift; sourceTree = "<group>"; };
		C42D9C701E4CC2C5005E6C4F /* NetworkReachabilityManager.swift */ = {isa = PBXFileReference; fileEncoding = 4; lastKnownFileType = sourcecode.swift; path = NetworkReachabilityManager.swift; sourceTree = "<group>"; };
		C42D9C711E4CC2C5005E6C4F /* Notifications.swift */ = {isa = PBXFileReference; fileEncoding = 4; lastKnownFileType = sourcecode.swift; path = Notifications.swift; sourceTree = "<group>"; };
		C42D9C721E4CC2C5005E6C4F /* ParameterEncoding.swift */ = {isa = PBXFileReference; fileEncoding = 4; lastKnownFileType = sourcecode.swift; path = ParameterEncoding.swift; sourceTree = "<group>"; };
		C42D9C731E4CC2C5005E6C4F /* Request.swift */ = {isa = PBXFileReference; fileEncoding = 4; lastKnownFileType = sourcecode.swift; path = Request.swift; sourceTree = "<group>"; };
		C42D9C741E4CC2C5005E6C4F /* Response.swift */ = {isa = PBXFileReference; fileEncoding = 4; lastKnownFileType = sourcecode.swift; path = Response.swift; sourceTree = "<group>"; };
		C42D9C751E4CC2C5005E6C4F /* ResponseSerialization.swift */ = {isa = PBXFileReference; fileEncoding = 4; lastKnownFileType = sourcecode.swift; path = ResponseSerialization.swift; sourceTree = "<group>"; };
		C42D9C761E4CC2C5005E6C4F /* Result.swift */ = {isa = PBXFileReference; fileEncoding = 4; lastKnownFileType = sourcecode.swift; path = Result.swift; sourceTree = "<group>"; };
		C42D9C771E4CC2C5005E6C4F /* ServerTrustPolicy.swift */ = {isa = PBXFileReference; fileEncoding = 4; lastKnownFileType = sourcecode.swift; path = ServerTrustPolicy.swift; sourceTree = "<group>"; };
		C42D9C781E4CC2C5005E6C4F /* SessionDelegate.swift */ = {isa = PBXFileReference; fileEncoding = 4; lastKnownFileType = sourcecode.swift; path = SessionDelegate.swift; sourceTree = "<group>"; };
		C42D9C791E4CC2C5005E6C4F /* SessionManager.swift */ = {isa = PBXFileReference; fileEncoding = 4; lastKnownFileType = sourcecode.swift; path = SessionManager.swift; sourceTree = "<group>"; };
		C42D9C7A1E4CC2C5005E6C4F /* TaskDelegate.swift */ = {isa = PBXFileReference; fileEncoding = 4; lastKnownFileType = sourcecode.swift; path = TaskDelegate.swift; sourceTree = "<group>"; };
		C42D9C7B1E4CC2C5005E6C4F /* Timeline.swift */ = {isa = PBXFileReference; fileEncoding = 4; lastKnownFileType = sourcecode.swift; path = Timeline.swift; sourceTree = "<group>"; };
		C42D9C7C1E4CC2C5005E6C4F /* Validation.swift */ = {isa = PBXFileReference; fileEncoding = 4; lastKnownFileType = sourcecode.swift; path = Validation.swift; sourceTree = "<group>"; };
/* End PBXFileReference section */

/* Begin PBXFrameworksBuildPhase section */
		C42D9C501E4CC2B6005E6C4F /* Frameworks */ = {
			isa = PBXFrameworksBuildPhase;
			buildActionMask = 2147483647;
			files = (
			);
			runOnlyForDeploymentPostprocessing = 0;
		};
/* End PBXFrameworksBuildPhase section */

/* Begin PBXGroup section */
		C42D9C4A1E4CC2B6005E6C4F = {
			isa = PBXGroup;
			children = (
				C42D9C551E4CC2B6005E6C4F /* ThirdFrameWorks */,
				C42D9C541E4CC2B6005E6C4F /* Products */,
			);
			sourceTree = "<group>";
		};
		C42D9C541E4CC2B6005E6C4F /* Products */ = {
			isa = PBXGroup;
			children = (
				C42D9C531E4CC2B6005E6C4F /* ThirdFrameWorks.app */,
			);
			name = Products;
			sourceTree = "<group>";
		};
		C42D9C551E4CC2B6005E6C4F /* ThirdFrameWorks */ = {
			isa = PBXGroup;
			children = (
				C42D9C561E4CC2B6005E6C4F /* AppDelegate.swift */,
				C42D9C581E4CC2B6005E6C4F /* ViewController.swift */,
				C42D9C5A1E4CC2B6005E6C4F /* Main.storyboard */,
				C42D9C5D1E4CC2B6005E6C4F /* Assets.xcassets */,
				C42D9C5F1E4CC2B6005E6C4F /* LaunchScreen.storyboard */,
				C42D9C621E4CC2B6005E6C4F /* Info.plist */,
				C42D9C681E4CC2C4005E6C4F /* Source */,
			);
			path = ThirdFrameWorks;
			sourceTree = "<group>";
		};
		C42D9C681E4CC2C4005E6C4F /* Source */ = {
			isa = PBXGroup;
			children = (
				C42D9C691E4CC2C5005E6C4F /* AFError.swift */,
				C42D9C6A1E4CC2C5005E6C4F /* Alamofire.h */,
				C42D9C6B1E4CC2C5005E6C4F /* Alamofire.swift */,
				C42D9C6C1E4CC2C5005E6C4F /* DispatchQueue+Alamofire.swift */,
				C42D9C6F1E4CC2C5005E6C4F /* MultipartFormData.swift */,
				C42D9C701E4CC2C5005E6C4F /* NetworkReachabilityManager.swift */,
				C42D9C711E4CC2C5005E6C4F /* Notifications.swift */,
				C42D9C721E4CC2C5005E6C4F /* ParameterEncoding.swift */,
				C42D9C731E4CC2C5005E6C4F /* Request.swift */,
				C42D9C741E4CC2C5005E6C4F /* Response.swift */,
				C42D9C751E4CC2C5005E6C4F /* ResponseSerialization.swift */,
				C42D9C761E4CC2C5005E6C4F /* Result.swift */,
				C42D9C771E4CC2C5005E6C4F /* ServerTrustPolicy.swift */,
				C42D9C781E4CC2C5005E6C4F /* SessionDelegate.swift */,
				C42D9C791E4CC2C5005E6C4F /* SessionManager.swift */,
				C42D9C7A1E4CC2C5005E6C4F /* TaskDelegate.swift */,
				C42D9C7B1E4CC2C5005E6C4F /* Timeline.swift */,
				C42D9C7C1E4CC2C5005E6C4F /* Validation.swift */,
			);
			path = Source;
			sourceTree = "<group>";
		};
/* End PBXGroup section */

/* Begin PBXNativeTarget section */
		C42D9C521E4CC2B6005E6C4F /* ThirdFrameWorks */ = {
			isa = PBXNativeTarget;
			buildConfigurationList = C42D9C651E4CC2B6005E6C4F /* Build configuration list for PBXNativeTarget "ThirdFrameWorks" */;
			buildPhases = (
				C42D9C4F1E4CC2B6005E6C4F /* Sources */,
				C42D9C501E4CC2B6005E6C4F /* Frameworks */,
				C42D9C511E4CC2B6005E6C4F /* Resources */,
			);
			buildRules = (
			);
			dependencies = (
			);
			name = ThirdFrameWorks;
			productName = ThirdFrameWorks;
			productReference = C42D9C531E4CC2B6005E6C4F /* ThirdFrameWorks.app */;
			productType = "com.apple.product-type.application";
		};
/* End PBXNativeTarget section */

/* Begin PBXProject section */
		C42D9C4B1E4CC2B6005E6C4F /* Project object */ = {
			isa = PBXProject;
			attributes = {
				LastSwiftUpdateCheck = 0820;
				LastUpgradeCheck = 0820;
				ORGANIZATIONNAME = "王潇";
				TargetAttributes = {
					C42D9C521E4CC2B6005E6C4F = {
						CreatedOnToolsVersion = 8.2.1;
						DevelopmentTeam = B5SJ8JYP65;
						ProvisioningStyle = Automatic;
					};
				};
			};
			buildConfigurationList = C42D9C4E1E4CC2B6005E6C4F /* Build configuration list for PBXProject "ThirdFrameWorks" */;
			compatibilityVersion = "Xcode 3.2";
			developmentRegion = English;
			hasScannedForEncodings = 0;
			knownRegions = (
				en,
				Base,
			);
			mainGroup = C42D9C4A1E4CC2B6005E6C4F;
			productRefGroup = C42D9C541E4CC2B6005E6C4F /* Products */;
			projectDirPath = "";
			projectRoot = "";
			targets = (
				C42D9C521E4CC2B6005E6C4F /* ThirdFrameWorks */,
			);
		};
/* End PBXProject section */

/* Begin PBXResourcesBuildPhase section */
		C42D9C511E4CC2B6005E6C4F /* Resources */ = {
			isa = PBXResourcesBuildPhase;
			buildActionMask = 2147483647;
			files = (
				C42D9C611E4CC2B6005E6C4F /* LaunchScreen.storyboard in Resources */,
				C42D9C5E1E4CC2B6005E6C4F /* Assets.xcassets in Resources */,
				C42D9C5C1E4CC2B6005E6C4F /* Main.storyboard in Resources */,
			);
			runOnlyForDeploymentPostprocessing = 0;
		};
/* End PBXResourcesBuildPhase section */

/* Begin PBXSourcesBuildPhase section */
		C42D9C4F1E4CC2B6005E6C4F /* Sources */ = {
			isa = PBXSourcesBuildPhase;
			buildActionMask = 2147483647;
			files = (
				C42D9C8E1E4CC2C5005E6C4F /* Timeline.swift in Sources */,
				C42D9C851E4CC2C5005E6C4F /* ParameterEncoding.swift in Sources */,
				C42D9C891E4CC2C5005E6C4F /* Result.swift in Sources */,
				C42D9C841E4CC2C5005E6C4F /* Notifications.swift in Sources */,
				C42D9C831E4CC2C5005E6C4F /* NetworkReachabilityManager.swift in Sources */,
				C42D9C821E4CC2C5005E6C4F /* MultipartFormData.swift in Sources */,
				C42D9C8A1E4CC2C5005E6C4F /* ServerTrustPolicy.swift in Sources */,
				C42D9C8B1E4CC2C5005E6C4F /* SessionDelegate.swift in Sources */,
				C42D9C591E4CC2B6005E6C4F /* ViewController.swift in Sources */,
				C42D9C571E4CC2B6005E6C4F /* AppDelegate.swift in Sources */,
				C42D9C7F1E4CC2C5005E6C4F /* DispatchQueue+Alamofire.swift in Sources */,
				C42D9C881E4CC2C5005E6C4F /* ResponseSerialization.swift in Sources */,
				C42D9C871E4CC2C5005E6C4F /* Response.swift in Sources */,
				C42D9C8F1E4CC2C5005E6C4F /* Validation.swift in Sources */,
				C42D9C861E4CC2C5005E6C4F /* Request.swift in Sources */,
				C42D9C8D1E4CC2C5005E6C4F /* TaskDelegate.swift in Sources */,
				C42D9C7E1E4CC2C5005E6C4F /* Alamofire.swift in Sources */,
				C42D9C8C1E4CC2C5005E6C4F /* SessionManager.swift in Sources */,
				C42D9C7D1E4CC2C5005E6C4F /* AFError.swift in Sources */,
			);
			runOnlyForDeploymentPostprocessing = 0;
		};
/* End PBXSourcesBuildPhase section */

/* Begin PBXVariantGroup section */
		C42D9C5A1E4CC2B6005E6C4F /* Main.storyboard */ = {
			isa = PBXVariantGroup;
			children = (
				C42D9C5B1E4CC2B6005E6C4F /* Base */,
			);
			name = Main.storyboard;
			sourceTree = "<group>";
		};
		C42D9C5F1E4CC2B6005E6C4F /* LaunchScreen.storyboard */ = {
			isa = PBXVariantGroup;
			children = (
				C42D9C601E4CC2B6005E6C4F /* Base */,
			);
			name = LaunchScreen.storyboard;
			sourceTree = "<group>";
		};
/* End PBXVariantGroup section */

/* Begin XCBuildConfiguration section */
		C42D9C631E4CC2B6005E6C4F /* Debug */ = {
			isa = XCBuildConfiguration;
			buildSettings = {
				ALWAYS_SEARCH_USER_PATHS = NO;
				CLANG_ANALYZER_NONNULL = YES;
				CLANG_CXX_LANGUAGE_STANDARD = "gnu++0x";
				CLANG_CXX_LIBRARY = "libc++";
				CLANG_ENABLE_MODULES = YES;
				CLANG_ENABLE_OBJC_ARC = YES;
				CLANG_WARN_BOOL_CONVERSION = YES;
				CLANG_WARN_CONSTANT_CONVERSION = YES;
				CLANG_WARN_DIRECT_OBJC_ISA_USAGE = YES_ERROR;
				CLANG_WARN_DOCUMENTATION_COMMENTS = YES;
				CLANG_WARN_EMPTY_BODY = YES;
				CLANG_WARN_ENUM_CONVERSION = YES;
				CLANG_WARN_INFINITE_RECURSION = YES;
				CLANG_WARN_INT_CONVERSION = YES;
				CLANG_WARN_OBJC_ROOT_CLASS = YES_ERROR;
				CLANG_WARN_SUSPICIOUS_MOVE = YES;
				CLANG_WARN_UNREACHABLE_CODE = YES;
				CLANG_WARN__DUPLICATE_METHOD_MATCH = YES;
				"CODE_SIGN_IDENTITY[sdk=iphoneos*]" = "iPhone Developer";
				COPY_PHASE_STRIP = NO;
				DEBUG_INFORMATION_FORMAT = dwarf;
				ENABLE_STRICT_OBJC_MSGSEND = YES;
				ENABLE_TESTABILITY = YES;
				GCC_C_LANGUAGE_STANDARD = gnu99;
				GCC_DYNAMIC_NO_PIC = NO;
				GCC_NO_COMMON_BLOCKS = YES;
				GCC_OPTIMIZATION_LEVEL = 0;
				GCC_PREPROCESSOR_DEFINITIONS = (
					"DEBUG=1",
					"$(inherited)",
				);
				GCC_WARN_64_TO_32_BIT_CONVERSION = YES;
				GCC_WARN_ABOUT_RETURN_TYPE = YES_ERROR;
				GCC_WARN_UNDECLARED_SELECTOR = YES;
				GCC_WARN_UNINITIALIZED_AUTOS = YES_AGGRESSIVE;
				GCC_WARN_UNUSED_FUNCTION = YES;
				GCC_WARN_UNUSED_VARIABLE = YES;
				IPHONEOS_DEPLOYMENT_TARGET = 10.2;
				MTL_ENABLE_DEBUG_INFO = YES;
				ONLY_ACTIVE_ARCH = YES;
				SDKROOT = iphoneos;
				SWIFT_ACTIVE_COMPILATION_CONDITIONS = DEBUG;
				SWIFT_OPTIMIZATION_LEVEL = "-Onone";
				TARGETED_DEVICE_FAMILY = "1,2";
			};
			name = Debug;
		};
		C42D9C641E4CC2B6005E6C4F /* Release */ = {
			isa = XCBuildConfiguration;
			buildSettings = {
				ALWAYS_SEARCH_USER_PATHS = NO;
				CLANG_ANALYZER_NONNULL = YES;
				CLANG_CXX_LANGUAGE_STANDARD = "gnu++0x";
				CLANG_CXX_LIBRARY = "libc++";
				CLANG_ENABLE_MODULES = YES;
				CLANG_ENABLE_OBJC_ARC = YES;
				CLANG_WARN_BOOL_CONVERSION = YES;
				CLANG_WARN_CONSTANT_CONVERSION = YES;
				CLANG_WARN_DIRECT_OBJC_ISA_USAGE = YES_ERROR;
				CLANG_WARN_DOCUMENTATION_COMMENTS = YES;
				CLANG_WARN_EMPTY_BODY = YES;
				CLANG_WARN_ENUM_CONVERSION = YES;
				CLANG_WARN_INFINITE_RECURSION = YES;
				CLANG_WARN_INT_CONVERSION = YES;
				CLANG_WARN_OBJC_ROOT_CLASS = YES_ERROR;
				CLANG_WARN_SUSPICIOUS_MOVE = YES;
				CLANG_WARN_UNREACHABLE_CODE = YES;
				CLANG_WARN__DUPLICATE_METHOD_MATCH = YES;
				"CODE_SIGN_IDENTITY[sdk=iphoneos*]" = "iPhone Developer";
				COPY_PHASE_STRIP = NO;
				DEBUG_INFORMATION_FORMAT = "dwarf-with-dsym";
				ENABLE_NS_ASSERTIONS = NO;
				ENABLE_STRICT_OBJC_MSGSEND = YES;
				GCC_C_LANGUAGE_STANDARD = gnu99;
				GCC_NO_COMMON_BLOCKS = YES;
				GCC_WARN_64_TO_32_BIT_CONVERSION = YES;
				GCC_WARN_ABOUT_RETURN_TYPE = YES_ERROR;
				GCC_WARN_UNDECLARED_SELECTOR = YES;
				GCC_WARN_UNINITIALIZED_AUTOS = YES_AGGRESSIVE;
				GCC_WARN_UNUSED_FUNCTION = YES;
				GCC_WARN_UNUSED_VARIABLE = YES;
				IPHONEOS_DEPLOYMENT_TARGET = 10.2;
				MTL_ENABLE_DEBUG_INFO = NO;
				SDKROOT = iphoneos;
				SWIFT_OPTIMIZATION_LEVEL = "-Owholemodule";
				TARGETED_DEVICE_FAMILY = "1,2";
				VALIDATE_PRODUCT = YES;
			};
			name = Release;
		};
		C42D9C661E4CC2B6005E6C4F /* Debug */ = {
			isa = XCBuildConfiguration;
			buildSettings = {
				ASSETCATALOG_COMPILER_APPICON_NAME = AppIcon;
				DEVELOPMENT_TEAM = B5SJ8JYP65;
				INFOPLIST_FILE = ThirdFrameWorks/Info.plist;
				LD_RUNPATH_SEARCH_PATHS = "$(inherited) @executable_path/Frameworks";
				PRODUCT_BUNDLE_IDENTIFIER = com.jerry.ThirdFrameWorks;
				PRODUCT_NAME = "$(TARGET_NAME)";
				SWIFT_VERSION = 3.0;
			};
			name = Debug;
		};
		C42D9C671E4CC2B6005E6C4F /* Release */ = {
			isa = XCBuildConfiguration;
			buildSettings = {
				ASSETCATALOG_COMPILER_APPICON_NAME = AppIcon;
				DEVELOPMENT_TEAM = B5SJ8JYP65;
				INFOPLIST_FILE = ThirdFrameWorks/Info.plist;
				LD_RUNPATH_SEARCH_PATHS = "$(inherited) @executable_path/Frameworks";
				PRODUCT_BUNDLE_IDENTIFIER = com.jerry.ThirdFrameWorks;
				PRODUCT_NAME = "$(TARGET_NAME)";
				SWIFT_VERSION = 3.0;
			};
			name = Release;
		};
/* End XCBuildConfiguration section */

/* Begin XCConfigurationList section */
		C42D9C4E1E4CC2B6005E6C4F /* Build configuration list for PBXProject "ThirdFrameWorks" */ = {
			isa = XCConfigurationList;
			buildConfigurations = (
				C42D9C631E4CC2B6005E6C4F /* Debug */,
				C42D9C641E4CC2B6005E6C4F /* Release */,
			);
			defaultConfigurationIsVisible = 0;
			defaultConfigurationName = Release;
		};
		C42D9C651E4CC2B6005E6C4F /* Build configuration list for PBXNativeTarget "ThirdFrameWorks" */ = {
			isa = XCConfigurationList;
			buildConfigurations = (
				C42D9C661E4CC2B6005E6C4F /* Debug */,
				C42D9C671E4CC2B6005E6C4F /* Release */,
			);
			defaultConfigurationIsVisible = 0;
			defaultConfigurationName = Release;
		};
/* End XCConfigurationList section */
	};
	rootObject = C42D9C4B1E4CC2B6005E6C4F /* Project object */;
}
