// !$*UTF8*$!
{
	archiveVersion = 1;
	classes = {
	};
	objectVersion = 46;
	objects = {

/* Begin PBXBuildFile section */
		305B61F51E24E38400225620 /* CoreImage.framework in Frameworks */ = {isa = PBXBuildFile; fileRef = 305B61F41E24E38400225620 /* CoreImage.framework */; };
		30CA30D71E247FF200E8A7C0 /* Main.storyboard in Resources */ = {isa = PBXBuildFile; fileRef = 30CA30D51E247FF200E8A7C0 /* Main.storyboard */; };
		30CA30D91E247FF200E8A7C0 /* Assets.xcassets in Resources */ = {isa = PBXBuildFile; fileRef = 30CA30D81E247FF200E8A7C0 /* Assets.xcassets */; };
		30CA30DC1E247FF200E8A7C0 /* LaunchScreen.storyboard in Resources */ = {isa = PBXBuildFile; fileRef = 30CA30DA1E247FF200E8A7C0 /* LaunchScreen.storyboard */; };
		30CA30F11E2488F200E8A7C0 /* AppDelegate.swift in Sources */ = {isa = PBXBuildFile; fileRef = 30CA30EF1E2488F200E8A7C0 /* AppDelegate.swift */; };
		30CA30F21E2488F200E8A7C0 /* ViewController.swift in Sources */ = {isa = PBXBuildFile; fileRef = 30CA30F01E2488F200E8A7C0 /* ViewController.swift */; };
		30CA30FA1E2489B800E8A7C0 /* JRMainViewController.swift in Sources */ = {isa = PBXBuildFile; fileRef = 30CA30F91E2489B800E8A7C0 /* JRMainViewController.swift */; };
		30CA30FC1E2489EA00E8A7C0 /* JRNavigationController.swift in Sources */ = {isa = PBXBuildFile; fileRef = 30CA30FB1E2489EA00E8A7C0 /* JRNavigationController.swift */; };
		30CA30FE1E248A1200E8A7C0 /* JRBaseViewController.swift in Sources */ = {isa = PBXBuildFile; fileRef = 30CA30FD1E248A1200E8A7C0 /* JRBaseViewController.swift */; };
		30CA31031E248B0B00E8A7C0 /* JRBasicViewController.swift in Sources */ = {isa = PBXBuildFile; fileRef = 30CA31021E248B0B00E8A7C0 /* JRBasicViewController.swift */; };
		30CA31051E248B1300E8A7C0 /* JRCocoaViewController.swift in Sources */ = {isa = PBXBuildFile; fileRef = 30CA31041E248B1300E8A7C0 /* JRCocoaViewController.swift */; };
		30CA31071E248B1B00E8A7C0 /* JRCoreViewController.swift in Sources */ = {isa = PBXBuildFile; fileRef = 30CA31061E248B1B00E8A7C0 /* JRCoreViewController.swift */; };
		30CA31091E248B2500E8A7C0 /* JROtherViewController.swift in Sources */ = {isa = PBXBuildFile; fileRef = 30CA31081E248B2500E8A7C0 /* JROtherViewController.swift */; };
		30CA310C1E2498D600E8A7C0 /* Bundle+JRExtension.swift in Sources */ = {isa = PBXBuildFile; fileRef = 30CA310B1E2498D600E8A7C0 /* Bundle+JRExtension.swift */; };
/* End PBXBuildFile section */

/* Begin PBXFileReference section */
		305B61F41E24E38400225620 /* CoreImage.framework */ = {isa = PBXFileReference; lastKnownFileType = wrapper.framework; name = CoreImage.framework; path = System/Library/Frameworks/CoreImage.framework; sourceTree = SDKROOT; };
		30CA30CE1E247FF200E8A7C0 /* Swift_Down.app */ = {isa = PBXFileReference; explicitFileType = wrapper.application; includeInIndex = 0; path = Swift_Down.app; sourceTree = BUILT_PRODUCTS_DIR; };
		30CA30D61E247FF200E8A7C0 /* Base */ = {isa = PBXFileReference; lastKnownFileType = file.storyboard; name = Base; path = Base.lproj/Main.storyboard; sourceTree = "<group>"; };
		30CA30D81E247FF200E8A7C0 /* Assets.xcassets */ = {isa = PBXFileReference; lastKnownFileType = folder.assetcatalog; path = Assets.xcassets; sourceTree = "<group>"; };
		30CA30DB1E247FF200E8A7C0 /* Base */ = {isa = PBXFileReference; lastKnownFileType = file.storyboard; name = Base; path = Base.lproj/LaunchScreen.storyboard; sourceTree = "<group>"; };
		30CA30DD1E247FF200E8A7C0 /* Info.plist */ = {isa = PBXFileReference; lastKnownFileType = text.plist.xml; path = Info.plist; sourceTree = "<group>"; };
		30CA30EF1E2488F200E8A7C0 /* AppDelegate.swift */ = {isa = PBXFileReference; fileEncoding = 4; lastKnownFileType = sourcecode.swift; name = AppDelegate.swift; path = MainClasses/AppDelegate.swift; sourceTree = "<group>"; };
		30CA30F01E2488F200E8A7C0 /* ViewController.swift */ = {isa = PBXFileReference; fileEncoding = 4; lastKnownFileType = sourcecode.swift; path = ViewController.swift; sourceTree = "<group>"; };
		30CA30F91E2489B800E8A7C0 /* JRMainViewController.swift */ = {isa = PBXFileReference; fileEncoding = 4; lastKnownFileType = sourcecode.swift; path = JRMainViewController.swift; sourceTree = "<group>"; };
		30CA30FB1E2489EA00E8A7C0 /* JRNavigationController.swift */ = {isa = PBXFileReference; fileEncoding = 4; lastKnownFileType = sourcecode.swift; path = JRNavigationController.swift; sourceTree = "<group>"; };
		30CA30FD1E248A1200E8A7C0 /* JRBaseViewController.swift */ = {isa = PBXFileReference; fileEncoding = 4; lastKnownFileType = sourcecode.swift; path = JRBaseViewController.swift; sourceTree = "<group>"; };
		30CA31021E248B0B00E8A7C0 /* JRBasicViewController.swift */ = {isa = PBXFileReference; fileEncoding = 4; lastKnownFileType = sourcecode.swift; name = JRBasicViewController.swift; path = "Swift-Down/Classes/JRBasicViewController.swift"; sourceTree = SOURCE_ROOT; };
		30CA31041E248B1300E8A7C0 /* JRCocoaViewController.swift */ = {isa = PBXFileReference; fileEncoding = 4; lastKnownFileType = sourcecode.swift; path = JRCocoaViewController.swift; sourceTree = "<group>"; };
		30CA31061E248B1B00E8A7C0 /* JRCoreViewController.swift */ = {isa = PBXFileReference; fileEncoding = 4; lastKnownFileType = sourcecode.swift; path = JRCoreViewController.swift; sourceTree = "<group>"; };
		30CA31081E248B2500E8A7C0 /* JROtherViewController.swift */ = {isa = PBXFileReference; fileEncoding = 4; lastKnownFileType = sourcecode.swift; path = JROtherViewController.swift; sourceTree = "<group>"; };
		30CA310B1E2498D600E8A7C0 /* Bundle+JRExtension.swift */ = {isa = PBXFileReference; fileEncoding = 4; lastKnownFileType = sourcecode.swift; path = "Bundle+JRExtension.swift"; sourceTree = "<group>"; };
/* End PBXFileReference section */

/* Begin PBXFrameworksBuildPhase section */
		30CA30CB1E247FF200E8A7C0 /* Frameworks */ = {
			isa = PBXFrameworksBuildPhase;
			buildActionMask = 2147483647;
			files = (
				305B61F51E24E38400225620 /* CoreImage.framework in Frameworks */,
			);
			runOnlyForDeploymentPostprocessing = 0;
		};
/* End PBXFrameworksBuildPhase section */

/* Begin PBXGroup section */
		305B61F31E24E38400225620 /* Frameworks */ = {
			isa = PBXGroup;
			children = (
				305B61F41E24E38400225620 /* CoreImage.framework */,
			);
			name = Frameworks;
			sourceTree = "<group>";
		};
		30CA30C51E247FF100E8A7C0 = {
			isa = PBXGroup;
			children = (
				30CA30D01E247FF200E8A7C0 /* Swift-Down */,
				30CA30CF1E247FF200E8A7C0 /* Products */,
				305B61F31E24E38400225620 /* Frameworks */,
			);
			sourceTree = "<group>";
		};
		30CA30CF1E247FF200E8A7C0 /* Products */ = {
			isa = PBXGroup;
			children = (
				30CA30CE1E247FF200E8A7C0 /* Swift_Down.app */,
			);
			name = Products;
			sourceTree = "<group>";
		};
		30CA30D01E247FF200E8A7C0 /* Swift-Down */ = {
			isa = PBXGroup;
			children = (
				30CA30E41E24803D00E8A7C0 /* Classes */,
				30CA30E31E24802200E8A7C0 /* SupportFiles */,
			);
			path = "Swift-Down";
			sourceTree = "<group>";
		};
		30CA30E31E24802200E8A7C0 /* SupportFiles */ = {
			isa = PBXGroup;
			children = (
				30CA30D51E247FF200E8A7C0 /* Main.storyboard */,
				30CA30D81E247FF200E8A7C0 /* Assets.xcassets */,
				30CA30DA1E247FF200E8A7C0 /* LaunchScreen.storyboard */,
				30CA30DD1E247FF200E8A7C0 /* Info.plist */,
			);
			name = SupportFiles;
			sourceTree = "<group>";
		};
		30CA30E41E24803D00E8A7C0 /* Classes */ = {
			isa = PBXGroup;
			children = (
				30CA30EF1E2488F200E8A7C0 /* AppDelegate.swift */,
				30CA30EA1E2481E500E8A7C0 /* MainClasses */,
				30CA30E91E2481E500E8A7C0 /* Basics */,
				30CA30FF1E248ADE00E8A7C0 /* Cocoa */,
				30CA31001E248ADE00E8A7C0 /* Core */,
				30CA31011E248ADE00E8A7C0 /* Others */,
				30CA310A1E2491A400E8A7C0 /* Tools */,
			);
			path = Classes;
			sourceTree = "<group>";
		};
		30CA30E91E2481E500E8A7C0 /* Basics */ = {
			isa = PBXGroup;
			children = (
				30CA30F31E24896700E8A7C0 /* Controllers */,
				30CA30F41E24896700E8A7C0 /* Model */,
				30CA30F51E24896700E8A7C0 /* View */,
				30CA30F61E24896700E8A7C0 /* ViewModel */,
			);
			name = Basics;
			path = BasicsProgramming;
			sourceTree = "<group>";
		};
		30CA30EA1E2481E500E8A7C0 /* MainClasses */ = {
			isa = PBXGroup;
			children = (
				30CA30F01E2488F200E8A7C0 /* ViewController.swift */,
				30CA30F91E2489B800E8A7C0 /* JRMainViewController.swift */,
				30CA30FB1E2489EA00E8A7C0 /* JRNavigationController.swift */,
				30CA30FD1E248A1200E8A7C0 /* JRBaseViewController.swift */,
			);
			path = MainClasses;
			sourceTree = "<group>";
		};
		30CA30F31E24896700E8A7C0 /* Controllers */ = {
			isa = PBXGroup;
			children = (
				30CA31021E248B0B00E8A7C0 /* JRBasicViewController.swift */,
			);
			path = Controllers;
			sourceTree = "<group>";
		};
		30CA30F41E24896700E8A7C0 /* Model */ = {
			isa = PBXGroup;
			children = (
			);
			path = Model;
			sourceTree = "<group>";
		};
		30CA30F51E24896700E8A7C0 /* View */ = {
			isa = PBXGroup;
			children = (
			);
			path = View;
			sourceTree = "<group>";
		};
		30CA30F61E24896700E8A7C0 /* ViewModel */ = {
			isa = PBXGroup;
			children = (
			);
			path = ViewModel;
			sourceTree = "<group>";
		};
		30CA30FF1E248ADE00E8A7C0 /* Cocoa */ = {
			isa = PBXGroup;
			children = (
				30CA31041E248B1300E8A7C0 /* JRCocoaViewController.swift */,
			);
			path = Cocoa;
			sourceTree = "<group>";
		};
		30CA31001E248ADE00E8A7C0 /* Core */ = {
			isa = PBXGroup;
			children = (
				30CA31061E248B1B00E8A7C0 /* JRCoreViewController.swift */,
			);
			path = Core;
			sourceTree = "<group>";
		};
		30CA31011E248ADE00E8A7C0 /* Others */ = {
			isa = PBXGroup;
			children = (
				30CA31081E248B2500E8A7C0 /* JROtherViewController.swift */,
			);
			path = Others;
			sourceTree = "<group>";
		};
		30CA310A1E2491A400E8A7C0 /* Tools */ = {
			isa = PBXGroup;
			children = (
				30CA310B1E2498D600E8A7C0 /* Bundle+JRExtension.swift */,
			);
			path = Tools;
			sourceTree = "<group>";
		};
/* End PBXGroup section */

/* Begin PBXNativeTarget section */
		30CA30CD1E247FF200E8A7C0 /* Swift-Down */ = {
			isa = PBXNativeTarget;
			buildConfigurationList = 30CA30E01E247FF200E8A7C0 /* Build configuration list for PBXNativeTarget "Swift-Down" */;
			buildPhases = (
				30CA30CA1E247FF200E8A7C0 /* Sources */,
				30CA30CB1E247FF200E8A7C0 /* Frameworks */,
				30CA30CC1E247FF200E8A7C0 /* Resources */,
			);
			buildRules = (
			);
			dependencies = (
			);
			name = "Swift-Down";
			productName = "Swift-Down";
			productReference = 30CA30CE1E247FF200E8A7C0 /* Swift_Down.app */;
			productType = "com.apple.product-type.application";
		};
/* End PBXNativeTarget section */

/* Begin PBXProject section */
		30CA30C61E247FF100E8A7C0 /* Project object */ = {
			isa = PBXProject;
			attributes = {
				CLASSPREFIX = JR;
				LastSwiftUpdateCheck = 0820;
				LastUpgradeCheck = 0820;
				ORGANIZATIONNAME = "王潇";
				TargetAttributes = {
					30CA30CD1E247FF200E8A7C0 = {
						CreatedOnToolsVersion = 8.2;
						DevelopmentTeam = 58VU78V7N6;
						LastSwiftMigration = 0820;
						ProvisioningStyle = Automatic;
					};
				};
			};
			buildConfigurationList = 30CA30C91E247FF100E8A7C0 /* Build configuration list for PBXProject "Swift-Down" */;
			compatibilityVersion = "Xcode 3.2";
			developmentRegion = English;
			hasScannedForEncodings = 0;
			knownRegions = (
				en,
				Base,
			);
			mainGroup = 30CA30C51E247FF100E8A7C0;
			productRefGroup = 30CA30CF1E247FF200E8A7C0 /* Products */;
			projectDirPath = "";
			projectRoot = "";
			targets = (
				30CA30CD1E247FF200E8A7C0 /* Swift-Down */,
			);
		};
/* End PBXProject section */

/* Begin PBXResourcesBuildPhase section */
		30CA30CC1E247FF200E8A7C0 /* Resources */ = {
			isa = PBXResourcesBuildPhase;
			buildActionMask = 2147483647;
			files = (
				30CA30DC1E247FF200E8A7C0 /* LaunchScreen.storyboard in Resources */,
				30CA30D91E247FF200E8A7C0 /* Assets.xcassets in Resources */,
				30CA30D71E247FF200E8A7C0 /* Main.storyboard in Resources */,
			);
			runOnlyForDeploymentPostprocessing = 0;
		};
/* End PBXResourcesBuildPhase section */

/* Begin PBXSourcesBuildPhase section */
		30CA30CA1E247FF200E8A7C0 /* Sources */ = {
			isa = PBXSourcesBuildPhase;
			buildActionMask = 2147483647;
			files = (
				30CA30F21E2488F200E8A7C0 /* ViewController.swift in Sources */,
				30CA31071E248B1B00E8A7C0 /* JRCoreViewController.swift in Sources */,
				30CA30FE1E248A1200E8A7C0 /* JRBaseViewController.swift in Sources */,
				30CA310C1E2498D600E8A7C0 /* Bundle+JRExtension.swift in Sources */,
				30CA30FA1E2489B800E8A7C0 /* JRMainViewController.swift in Sources */,
				30CA30F11E2488F200E8A7C0 /* AppDelegate.swift in Sources */,
				30CA30FC1E2489EA00E8A7C0 /* JRNavigationController.swift in Sources */,
				30CA31051E248B1300E8A7C0 /* JRCocoaViewController.swift in Sources */,
				30CA31091E248B2500E8A7C0 /* JROtherViewController.swift in Sources */,
				30CA31031E248B0B00E8A7C0 /* JRBasicViewController.swift in Sources */,
			);
			runOnlyForDeploymentPostprocessing = 0;
		};
/* End PBXSourcesBuildPhase section */

/* Begin PBXVariantGroup section */
		30CA30D51E247FF200E8A7C0 /* Main.storyboard */ = {
			isa = PBXVariantGroup;
			children = (
				30CA30D61E247FF200E8A7C0 /* Base */,
			);
			name = Main.storyboard;
			sourceTree = "<group>";
		};
		30CA30DA1E247FF200E8A7C0 /* LaunchScreen.storyboard */ = {
			isa = PBXVariantGroup;
			children = (
				30CA30DB1E247FF200E8A7C0 /* Base */,
			);
			name = LaunchScreen.storyboard;
			sourceTree = "<group>";
		};
/* End PBXVariantGroup section */

/* Begin XCBuildConfiguration section */
		30CA30DE1E247FF200E8A7C0 /* Debug */ = {
			isa = XCBuildConfiguration;
			buildSettings = {
				ALWAYS_SEARCH_USER_PATHS = NO;
				CLANG_ANALYZER_NONNULL = YES;
				CLANG_CXX_LANGUAGE_STANDARD = "gnu++0x";
				CLANG_CXX_LIBRARY = "libc++";
				CLANG_ENABLE_MODULES = YES;
				CLANG_ENABLE_OBJC_ARC = YES;
				CLANG_WARN_BOOL_CONVERSION = YES;
				CLANG_WARN_CONSTANT_CONVERSION = YES;
				CLANG_WARN_DIRECT_OBJC_ISA_USAGE = YES_ERROR;
				CLANG_WARN_DOCUMENTATION_COMMENTS = YES;
				CLANG_WARN_EMPTY_BODY = YES;
				CLANG_WARN_ENUM_CONVERSION = YES;
				CLANG_WARN_INFINITE_RECURSION = YES;
				CLANG_WARN_INT_CONVERSION = YES;
				CLANG_WARN_OBJC_ROOT_CLASS = YES_ERROR;
				CLANG_WARN_SUSPICIOUS_MOVE = YES;
				CLANG_WARN_UNREACHABLE_CODE = YES;
				CLANG_WARN__DUPLICATE_METHOD_MATCH = YES;
				"CODE_SIGN_IDENTITY[sdk=iphoneos*]" = "iPhone Developer";
				COPY_PHASE_STRIP = NO;
				DEBUG_INFORMATION_FORMAT = dwarf;
				ENABLE_STRICT_OBJC_MSGSEND = YES;
				ENABLE_TESTABILITY = YES;
				GCC_C_LANGUAGE_STANDARD = gnu99;
				GCC_DYNAMIC_NO_PIC = NO;
				GCC_NO_COMMON_BLOCKS = YES;
				GCC_OPTIMIZATION_LEVEL = 0;
				GCC_PREPROCESSOR_DEFINITIONS = (
					"DEBUG=1",
					"$(inherited)",
				);
				GCC_WARN_64_TO_32_BIT_CONVERSION = YES;
				GCC_WARN_ABOUT_RETURN_TYPE = YES_ERROR;
				GCC_WARN_UNDECLARED_SELECTOR = YES;
				GCC_WARN_UNINITIALIZED_AUTOS = YES_AGGRESSIVE;
				GCC_WARN_UNUSED_FUNCTION = YES;
				GCC_WARN_UNUSED_VARIABLE = YES;
				IPHONEOS_DEPLOYMENT_TARGET = 10.2;
				MTL_ENABLE_DEBUG_INFO = YES;
				ONLY_ACTIVE_ARCH = YES;
				SDKROOT = iphoneos;
				SWIFT_ACTIVE_COMPILATION_CONDITIONS = DEBUG;
				SWIFT_OPTIMIZATION_LEVEL = "-Onone";
				TARGETED_DEVICE_FAMILY = "1,2";
			};
			name = Debug;
		};
		30CA30DF1E247FF200E8A7C0 /* Release */ = {
			isa = XCBuildConfiguration;
			buildSettings = {
				ALWAYS_SEARCH_USER_PATHS = NO;
				CLANG_ANALYZER_NONNULL = YES;
				CLANG_CXX_LANGUAGE_STANDARD = "gnu++0x";
				CLANG_CXX_LIBRARY = "libc++";
				CLANG_ENABLE_MODULES = YES;
				CLANG_ENABLE_OBJC_ARC = YES;
				CLANG_WARN_BOOL_CONVERSION = YES;
				CLANG_WARN_CONSTANT_CONVERSION = YES;
				CLANG_WARN_DIRECT_OBJC_ISA_USAGE = YES_ERROR;
				CLANG_WARN_DOCUMENTATION_COMMENTS = YES;
				CLANG_WARN_EMPTY_BODY = YES;
				CLANG_WARN_ENUM_CONVERSION = YES;
				CLANG_WARN_INFINITE_RECURSION = YES;
				CLANG_WARN_INT_CONVERSION = YES;
				CLANG_WARN_OBJC_ROOT_CLASS = YES_ERROR;
				CLANG_WARN_SUSPICIOUS_MOVE = YES;
				CLANG_WARN_UNREACHABLE_CODE = YES;
				CLANG_WARN__DUPLICATE_METHOD_MATCH = YES;
				"CODE_SIGN_IDENTITY[sdk=iphoneos*]" = "iPhone Developer";
				COPY_PHASE_STRIP = NO;
				DEBUG_INFORMATION_FORMAT = "dwarf-with-dsym";
				ENABLE_NS_ASSERTIONS = NO;
				ENABLE_STRICT_OBJC_MSGSEND = YES;
				GCC_C_LANGUAGE_STANDARD = gnu99;
				GCC_NO_COMMON_BLOCKS = YES;
				GCC_WARN_64_TO_32_BIT_CONVERSION = YES;
				GCC_WARN_ABOUT_RETURN_TYPE = YES_ERROR;
				GCC_WARN_UNDECLARED_SELECTOR = YES;
				GCC_WARN_UNINITIALIZED_AUTOS = YES_AGGRESSIVE;
				GCC_WARN_UNUSED_FUNCTION = YES;
				GCC_WARN_UNUSED_VARIABLE = YES;
				IPHONEOS_DEPLOYMENT_TARGET = 10.2;
				MTL_ENABLE_DEBUG_INFO = NO;
				SDKROOT = iphoneos;
				SWIFT_OPTIMIZATION_LEVEL = "-Owholemodule";
				TARGETED_DEVICE_FAMILY = "1,2";
				VALIDATE_PRODUCT = YES;
			};
			name = Release;
		};
		30CA30E11E247FF200E8A7C0 /* Debug */ = {
			isa = XCBuildConfiguration;
			buildSettings = {
				ASSETCATALOG_COMPILER_APPICON_NAME = AppIcon;
				CLANG_ENABLE_MODULES = YES;
				DEVELOPMENT_TEAM = 58VU78V7N6;
				INFOPLIST_FILE = "Swift-Down/Info.plist";
				LD_RUNPATH_SEARCH_PATHS = "$(inherited) @executable_path/Frameworks";
				PRODUCT_BUNDLE_IDENTIFIER = com.youranmuye2;
				PRODUCT_NAME = Swift_Down;
				SWIFT_OPTIMIZATION_LEVEL = "-Onone";
				SWIFT_VERSION = 3.0;
			};
			name = Debug;
		};
		30CA30E21E247FF200E8A7C0 /* Release */ = {
			isa = XCBuildConfiguration;
			buildSettings = {
				ASSETCATALOG_COMPILER_APPICON_NAME = AppIcon;
				CLANG_ENABLE_MODULES = YES;
				DEVELOPMENT_TEAM = 58VU78V7N6;
				INFOPLIST_FILE = "Swift-Down/Info.plist";
				LD_RUNPATH_SEARCH_PATHS = "$(inherited) @executable_path/Frameworks";
				PRODUCT_BUNDLE_IDENTIFIER = com.youranmuye2;
				PRODUCT_NAME = Swift_Down;
				SWIFT_VERSION = 3.0;
			};
			name = Release;
		};
/* End XCBuildConfiguration section */

/* Begin XCConfigurationList section */
		30CA30C91E247FF100E8A7C0 /* Build configuration list for PBXProject "Swift-Down" */ = {
			isa = XCConfigurationList;
			buildConfigurations = (
				30CA30DE1E247FF200E8A7C0 /* Debug */,
				30CA30DF1E247FF200E8A7C0 /* Release */,
			);
			defaultConfigurationIsVisible = 0;
			defaultConfigurationName = Release;
		};
		30CA30E01E247FF200E8A7C0 /* Build configuration list for PBXNativeTarget "Swift-Down" */ = {
			isa = XCConfigurationList;
			buildConfigurations = (
				30CA30E11E247FF200E8A7C0 /* Debug */,
				30CA30E21E247FF200E8A7C0 /* Release */,
			);
			defaultConfigurationIsVisible = 0;
			defaultConfigurationName = Release;
		};
/* End XCConfigurationList section */
	};
	rootObject = 30CA30C61E247FF100E8A7C0 /* Project object */;
}
