// !$*UTF8*$!
{
	archiveVersion = 1;
	classes = {
	};
	objectVersion = 46;
	objects = {

/* Begin PBXBuildFile section */
		301EC7ED1E4B119B004EA25E /* AppDelegate.swift in Sources */ = {isa = PBXBuildFile; fileRef = 301EC7EC1E4B119B004EA25E /* AppDelegate.swift */; };
		301EC7EF1E4B119B004EA25E /* ViewController.swift in Sources */ = {isa = PBXBuildFile; fileRef = 301EC7EE1E4B119B004EA25E /* ViewController.swift */; };
		301EC7F21E4B119C004EA25E /* Main.storyboard in Resources */ = {isa = PBXBuildFile; fileRef = 301EC7F01E4B119C004EA25E /* Main.storyboard */; };
		301EC7F41E4B119C004EA25E /* Assets.xcassets in Resources */ = {isa = PBXBuildFile; fileRef = 301EC7F31E4B119C004EA25E /* Assets.xcassets */; };
		301EC7F71E4B119C004EA25E /* LaunchScreen.storyboard in Resources */ = {isa = PBXBuildFile; fileRef = 301EC7F51E4B119C004EA25E /* LaunchScreen.storyboard */; };
/* End PBXBuildFile section */

/* Begin PBXFileReference section */
		301EC7E91E4B119B004EA25E /* CustomFont.app */ = {isa = PBXFileReference; explicitFileType = wrapper.application; includeInIndex = 0; path = CustomFont.app; sourceTree = BUILT_PRODUCTS_DIR; };
		301EC7EC1E4B119B004EA25E /* AppDelegate.swift */ = {isa = PBXFileReference; lastKnownFileType = sourcecode.swift; path = AppDelegate.swift; sourceTree = "<group>"; };
		301EC7EE1E4B119B004EA25E /* ViewController.swift */ = {isa = PBXFileReference; lastKnownFileType = sourcecode.swift; path = ViewController.swift; sourceTree = "<group>"; };
		301EC7F11E4B119C004EA25E /* Base */ = {isa = PBXFileReference; lastKnownFileType = file.storyboard; name = Base; path = Base.lproj/Main.storyboard; sourceTree = "<group>"; };
		301EC7F31E4B119C004EA25E /* Assets.xcassets */ = {isa = PBXFileReference; lastKnownFileType = folder.assetcatalog; path = Assets.xcassets; sourceTree = "<group>"; };
		301EC7F61E4B119C004EA25E /* Base */ = {isa = PBXFileReference; lastKnownFileType = file.storyboard; name = Base; path = Base.lproj/LaunchScreen.storyboard; sourceTree = "<group>"; };
		301EC7F81E4B119C004EA25E /* Info.plist */ = {isa = PBXFileReference; lastKnownFileType = text.plist.xml; path = Info.plist; sourceTree = "<group>"; };
/* End PBXFileReference section */

/* Begin PBXFrameworksBuildPhase section */
		301EC7E61E4B119B004EA25E /* Frameworks */ = {
			isa = PBXFrameworksBuildPhase;
			buildActionMask = 2147483647;
			files = (
			);
			runOnlyForDeploymentPostprocessing = 0;
		};
/* End PBXFrameworksBuildPhase section */

/* Begin PBXGroup section */
		301EC7E01E4B119B004EA25E = {
			isa = PBXGroup;
			children = (
				301EC7EB1E4B119B004EA25E /* CustomFont */,
				301EC7EA1E4B119B004EA25E /* Products */,
			);
			sourceTree = "<group>";
		};
		301EC7EA1E4B119B004EA25E /* Products */ = {
			isa = PBXGroup;
			children = (
				301EC7E91E4B119B004EA25E /* CustomFont.app */,
			);
			name = Products;
			sourceTree = "<group>";
		};
		301EC7EB1E4B119B004EA25E /* CustomFont */ = {
			isa = PBXGroup;
			children = (
				301EC7EC1E4B119B004EA25E /* AppDelegate.swift */,
				301EC7EE1E4B119B004EA25E /* ViewController.swift */,
				301EC7F01E4B119C004EA25E /* Main.storyboard */,
				301EC7F31E4B119C004EA25E /* Assets.xcassets */,
				301EC7F51E4B119C004EA25E /* LaunchScreen.storyboard */,
				301EC7F81E4B119C004EA25E /* Info.plist */,
			);
			path = CustomFont;
			sourceTree = "<group>";
		};
/* End PBXGroup section */

/* Begin PBXNativeTarget section */
		301EC7E81E4B119B004EA25E /* CustomFont */ = {
			isa = PBXNativeTarget;
			buildConfigurationList = 301EC7FB1E4B119C004EA25E /* Build configuration list for PBXNativeTarget "CustomFont" */;
			buildPhases = (
				301EC7E51E4B119B004EA25E /* Sources */,
				301EC7E61E4B119B004EA25E /* Frameworks */,
				301EC7E71E4B119B004EA25E /* Resources */,
			);
			buildRules = (
			);
			dependencies = (
			);
			name = CustomFont;
			productName = CustomFont;
			productReference = 301EC7E91E4B119B004EA25E /* CustomFont.app */;
			productType = "com.apple.product-type.application";
		};
/* End PBXNativeTarget section */

/* Begin PBXProject section */
		301EC7E11E4B119B004EA25E /* Project object */ = {
			isa = PBXProject;
			attributes = {
				LastSwiftUpdateCheck = 0830;
				LastUpgradeCheck = 0830;
				ORGANIZATIONNAME = "王潇";
				TargetAttributes = {
					301EC7E81E4B119B004EA25E = {
						CreatedOnToolsVersion = 8.3;
						ProvisioningStyle = Automatic;
					};
				};
			};
			buildConfigurationList = 301EC7E41E4B119B004EA25E /* Build configuration list for PBXProject "CustomFont" */;
			compatibilityVersion = "Xcode 3.2";
			developmentRegion = English;
			hasScannedForEncodings = 0;
			knownRegions = (
				en,
				Base,
			);
			mainGroup = 301EC7E01E4B119B004EA25E;
			productRefGroup = 301EC7EA1E4B119B004EA25E /* Products */;
			projectDirPath = "";
			projectRoot = "";
			targets = (
				301EC7E81E4B119B004EA25E /* CustomFont */,
			);
		};
/* End PBXProject section */

/* Begin PBXResourcesBuildPhase section */
		301EC7E71E4B119B004EA25E /* Resources */ = {
			isa = PBXResourcesBuildPhase;
			buildActionMask = 2147483647;
			files = (
				301EC7F71E4B119C004EA25E /* LaunchScreen.storyboard in Resources */,
				301EC7F41E4B119C004EA25E /* Assets.xcassets in Resources */,
				301EC7F21E4B119C004EA25E /* Main.storyboard in Resources */,
			);
			runOnlyForDeploymentPostprocessing = 0;
		};
/* End PBXResourcesBuildPhase section */

/* Begin PBXSourcesBuildPhase section */
		301EC7E51E4B119B004EA25E /* Sources */ = {
			isa = PBXSourcesBuildPhase;
			buildActionMask = 2147483647;
			files = (
				301EC7EF1E4B119B004EA25E /* ViewController.swift in Sources */,
				301EC7ED1E4B119B004EA25E /* AppDelegate.swift in Sources */,
			);
			runOnlyForDeploymentPostprocessing = 0;
		};
/* End PBXSourcesBuildPhase section */

/* Begin PBXVariantGroup section */
		301EC7F01E4B119C004EA25E /* Main.storyboard */ = {
			isa = PBXVariantGroup;
			children = (
				301EC7F11E4B119C004EA25E /* Base */,
			);
			name = Main.storyboard;
			sourceTree = "<group>";
		};
		301EC7F51E4B119C004EA25E /* LaunchScreen.storyboard */ = {
			isa = PBXVariantGroup;
			children = (
				301EC7F61E4B119C004EA25E /* Base */,
			);
			name = LaunchScreen.storyboard;
			sourceTree = "<group>";
		};
/* End PBXVariantGroup section */

/* Begin XCBuildConfiguration section */
		301EC7F91E4B119C004EA25E /* Debug */ = {
			isa = XCBuildConfiguration;
			buildSettings = {
				ALWAYS_SEARCH_USER_PATHS = NO;
				CLANG_ANALYZER_NONNULL = YES;
				CLANG_ANALYZER_NUMBER_OBJECT_CONVERSION = YES_AGGRESSIVE;
				CLANG_CXX_LANGUAGE_STANDARD = "gnu++0x";
				CLANG_CXX_LIBRARY = "libc++";
				CLANG_ENABLE_MODULES = YES;
				CLANG_ENABLE_OBJC_ARC = YES;
				CLANG_WARN_BOOL_CONVERSION = YES;
				CLANG_WARN_CONSTANT_CONVERSION = YES;
				CLANG_WARN_DIRECT_OBJC_ISA_USAGE = YES_ERROR;
				CLANG_WARN_DOCUMENTATION_COMMENTS = YES;
				CLANG_WARN_EMPTY_BODY = YES;
				CLANG_WARN_ENUM_CONVERSION = YES;
				CLANG_WARN_INFINITE_RECURSION = YES;
				CLANG_WARN_INT_CONVERSION = YES;
				CLANG_WARN_OBJC_ROOT_CLASS = YES_ERROR;
				CLANG_WARN_SUSPICIOUS_MOVE = YES;
				CLANG_WARN_UNREACHABLE_CODE = YES;
				CLANG_WARN__DUPLICATE_METHOD_MATCH = YES;
				"CODE_SIGN_IDENTITY[sdk=iphoneos*]" = "iPhone Developer";
				COPY_PHASE_STRIP = NO;
				DEBUG_INFORMATION_FORMAT = dwarf;
				ENABLE_STRICT_OBJC_MSGSEND = YES;
				ENABLE_TESTABILITY = YES;
				GCC_C_LANGUAGE_STANDARD = gnu99;
				GCC_DYNAMIC_NO_PIC = NO;
				GCC_NO_COMMON_BLOCKS = YES;
				GCC_OPTIMIZATION_LEVEL = 0;
				GCC_PREPROCESSOR_DEFINITIONS = (
					"DEBUG=1",
					"$(inherited)",
				);
				GCC_WARN_64_TO_32_BIT_CONVERSION = YES;
				GCC_WARN_ABOUT_RETURN_TYPE = YES_ERROR;
				GCC_WARN_UNDECLARED_SELECTOR = YES;
				GCC_WARN_UNINITIALIZED_AUTOS = YES_AGGRESSIVE;
				GCC_WARN_UNUSED_FUNCTION = YES;
				GCC_WARN_UNUSED_VARIABLE = YES;
				IPHONEOS_DEPLOYMENT_TARGET = 10.3;
				MTL_ENABLE_DEBUG_INFO = YES;
				ONLY_ACTIVE_ARCH = YES;
				SDKROOT = iphoneos;
				SWIFT_ACTIVE_COMPILATION_CONDITIONS = DEBUG;
				SWIFT_OPTIMIZATION_LEVEL = "-Onone";
				TARGETED_DEVICE_FAMILY = "1,2";
			};
			name = Debug;
		};
		301EC7FA1E4B119C004EA25E /* Release */ = {
			isa = XCBuildConfiguration;
			buildSettings = {
				ALWAYS_SEARCH_USER_PATHS = NO;
				CLANG_ANALYZER_NONNULL = YES;
				CLANG_ANALYZER_NUMBER_OBJECT_CONVERSION = YES_AGGRESSIVE;
				CLANG_CXX_LANGUAGE_STANDARD = "gnu++0x";
				CLANG_CXX_LIBRARY = "libc++";
				CLANG_ENABLE_MODULES = YES;
				CLANG_ENABLE_OBJC_ARC = YES;
				CLANG_WARN_BOOL_CONVERSION = YES;
				CLANG_WARN_CONSTANT_CONVERSION = YES;
				CLANG_WARN_DIRECT_OBJC_ISA_USAGE = YES_ERROR;
				CLANG_WARN_DOCUMENTATION_COMMENTS = YES;
				CLANG_WARN_EMPTY_BODY = YES;
				CLANG_WARN_ENUM_CONVERSION = YES;
				CLANG_WARN_INFINITE_RECURSION = YES;
				CLANG_WARN_INT_CONVERSION = YES;
				CLANG_WARN_OBJC_ROOT_CLASS = YES_ERROR;
				CLANG_WARN_SUSPICIOUS_MOVE = YES;
				CLANG_WARN_UNREACHABLE_CODE = YES;
				CLANG_WARN__DUPLICATE_METHOD_MATCH = YES;
				"CODE_SIGN_IDENTITY[sdk=iphoneos*]" = "iPhone Developer";
				COPY_PHASE_STRIP = NO;
				DEBUG_INFORMATION_FORMAT = "dwarf-with-dsym";
				ENABLE_NS_ASSERTIONS = NO;
				ENABLE_STRICT_OBJC_MSGSEND = YES;
				GCC_C_LANGUAGE_STANDARD = gnu99;
				GCC_NO_COMMON_BLOCKS = YES;
				GCC_WARN_64_TO_32_BIT_CONVERSION = YES;
				GCC_WARN_ABOUT_RETURN_TYPE = YES_ERROR;
				GCC_WARN_UNDECLARED_SELECTOR = YES;
				GCC_WARN_UNINITIALIZED_AUTOS = YES_AGGRESSIVE;
				GCC_WARN_UNUSED_FUNCTION = YES;
				GCC_WARN_UNUSED_VARIABLE = YES;
				IPHONEOS_DEPLOYMENT_TARGET = 10.3;
				MTL_ENABLE_DEBUG_INFO = NO;
				SDKROOT = iphoneos;
				SWIFT_OPTIMIZATION_LEVEL = "-Owholemodule";
				TARGETED_DEVICE_FAMILY = "1,2";
				VALIDATE_PRODUCT = YES;
			};
			name = Release;
		};
		301EC7FC1E4B119C004EA25E /* Debug */ = {
			isa = XCBuildConfiguration;
			buildSettings = {
				ASSETCATALOG_COMPILER_APPICON_NAME = AppIcon;
				INFOPLIST_FILE = CustomFont/Info.plist;
				LD_RUNPATH_SEARCH_PATHS = "$(inherited) @executable_path/Frameworks";
				PRODUCT_BUNDLE_IDENTIFIER = jerry.wx.CustomFont;
				PRODUCT_NAME = "$(TARGET_NAME)";
				SWIFT_VERSION = 3.0;
			};
			name = Debug;
		};
		301EC7FD1E4B119C004EA25E /* Release */ = {
			isa = XCBuildConfiguration;
			buildSettings = {
				ASSETCATALOG_COMPILER_APPICON_NAME = AppIcon;
				INFOPLIST_FILE = CustomFont/Info.plist;
				LD_RUNPATH_SEARCH_PATHS = "$(inherited) @executable_path/Frameworks";
				PRODUCT_BUNDLE_IDENTIFIER = jerry.wx.CustomFont;
				PRODUCT_NAME = "$(TARGET_NAME)";
				SWIFT_VERSION = 3.0;
			};
			name = Release;
		};
/* End XCBuildConfiguration section */

/* Begin XCConfigurationList section */
		301EC7E41E4B119B004EA25E /* Build configuration list for PBXProject "CustomFont" */ = {
			isa = XCConfigurationList;
			buildConfigurations = (
				301EC7F91E4B119C004EA25E /* Debug */,
				301EC7FA1E4B119C004EA25E /* Release */,
			);
			defaultConfigurationIsVisible = 0;
			defaultConfigurationName = Release;
		};
		301EC7FB1E4B119C004EA25E /* Build configuration list for PBXNativeTarget "CustomFont" */ = {
			isa = XCConfigurationList;
			buildConfigurations = (
				301EC7FC1E4B119C004EA25E /* Debug */,
				301EC7FD1E4B119C004EA25E /* Release */,
			);
			defaultConfigurationIsVisible = 0;
		};
/* End XCConfigurationList section */
	};
	rootObject = 301EC7E11E4B119B004EA25E /* Project object */;
}
